// !$*UTF8*$!
{
	archiveVersion = 1;
	classes = {
	};
	objectVersion = 46;
	objects = {

/* Begin PBXBuildFile section */
		0C849E5E1E2DF3A60078DA28 /* AppDesign.swift in Sources */ = {isa = PBXBuildFile; fileRef = 0C849E5B1E2DF3A60078DA28 /* AppDesign.swift */; };
		0C849E5F1E2DF3A60078DA28 /* Constant.swift in Sources */ = {isa = PBXBuildFile; fileRef = 0C849E5C1E2DF3A60078DA28 /* Constant.swift */; };
		0C849E651E2DF3E50078DA28 /* CategoryVC.xib in Resources */ = {isa = PBXBuildFile; fileRef = 0C849E611E2DF3E50078DA28 /* CategoryVC.xib */; };
		0C849E661E2DF3E50078DA28 /* SignUpVC.xib in Resources */ = {isa = PBXBuildFile; fileRef = 0C849E621E2DF3E50078DA28 /* SignUpVC.xib */; };
		0C849E671E2DF3E50078DA28 /* VerificationLoadingVC.xib in Resources */ = {isa = PBXBuildFile; fileRef = 0C849E631E2DF3E50078DA28 /* VerificationLoadingVC.xib */; };
		0C849E681E2DF3E50078DA28 /* VerificationVC.xib in Resources */ = {isa = PBXBuildFile; fileRef = 0C849E641E2DF3E50078DA28 /* VerificationVC.xib */; };
		0C849E6D1E2DF4500078DA28 /* CategoryVC.swift in Sources */ = {isa = PBXBuildFile; fileRef = 0C849E691E2DF4500078DA28 /* CategoryVC.swift */; };
		0C849E6F1E2DF4500078DA28 /* VerificationLoadingVC.swift in Sources */ = {isa = PBXBuildFile; fileRef = 0C849E6B1E2DF4500078DA28 /* VerificationLoadingVC.swift */; };
		0C849E701E2DF4500078DA28 /* VerificationVC.swift in Sources */ = {isa = PBXBuildFile; fileRef = 0C849E6C1E2DF4500078DA28 /* VerificationVC.swift */; };
		0C849E721E2DFAF80078DA28 /* EditProfile.xib in Resources */ = {isa = PBXBuildFile; fileRef = 0C849E711E2DFAF80078DA28 /* EditProfile.xib */; };
		0C849E741E2DFB020078DA28 /* CareServicesCell.xib in Resources */ = {isa = PBXBuildFile; fileRef = 0C849E731E2DFB020078DA28 /* CareServicesCell.xib */; };
		0C849E761E2DFB170078DA28 /* EditProfile.swift in Sources */ = {isa = PBXBuildFile; fileRef = 0C849E751E2DFB170078DA28 /* EditProfile.swift */; };
		0C849E781E2DFB200078DA28 /* CareServicesCell.swift in Sources */ = {isa = PBXBuildFile; fileRef = 0C849E771E2DFB200078DA28 /* CareServicesCell.swift */; };
		0C849E7A1E2DFC340078DA28 /* noimg.png in Resources */ = {isa = PBXBuildFile; fileRef = 0C849E791E2DFC340078DA28 /* noimg.png */; };
		0C849E7C1E2E27CC0078DA28 /* rightmark.png in Resources */ = {isa = PBXBuildFile; fileRef = 0C849E7B1E2E27CC0078DA28 /* rightmark.png */; };
		0CBA41E51E2CAA9A0008C8E4 /* AppDelegate.swift in Sources */ = {isa = PBXBuildFile; fileRef = 0CBA41E41E2CAA9A0008C8E4 /* AppDelegate.swift */; };
		0CBA41EC1E2CAA9A0008C8E4 /* Assets.xcassets in Resources */ = {isa = PBXBuildFile; fileRef = 0CBA41EB1E2CAA9A0008C8E4 /* Assets.xcassets */; };
		0CBA41EF1E2CAA9A0008C8E4 /* LaunchScreen.storyboard in Resources */ = {isa = PBXBuildFile; fileRef = 0CBA41ED1E2CAA9A0008C8E4 /* LaunchScreen.storyboard */; };
		0CBA41FA1E2CAA9A0008C8E4 /* AssistCareTests.swift in Sources */ = {isa = PBXBuildFile; fileRef = 0CBA41F91E2CAA9A0008C8E4 /* AssistCareTests.swift */; };
		0CBA42051E2CAA9A0008C8E4 /* AssistCareUITests.swift in Sources */ = {isa = PBXBuildFile; fileRef = 0CBA42041E2CAA9A0008C8E4 /* AssistCareUITests.swift */; };
		24C4D69B1E2DF8FA00A2267D /* SetupServicesVC.xib in Resources */ = {isa = PBXBuildFile; fileRef = 24C4D69A1E2DF8FA00A2267D /* SetupServicesVC.xib */; };
		24C4D6A71E2DFAC400A2267D /* cellMedication.xib in Resources */ = {isa = PBXBuildFile; fileRef = 24C4D6A61E2DFAC400A2267D /* cellMedication.xib */; };
		24C4D6A91E2DFAD800A2267D /* cellMedication.swift in Sources */ = {isa = PBXBuildFile; fileRef = 24C4D6A81E2DFAD800A2267D /* cellMedication.swift */; };
		24C4D6B11E2E09FB00A2267D /* MedicationVC.swift in Sources */ = {isa = PBXBuildFile; fileRef = 24C4D6B01E2E09FB00A2267D /* MedicationVC.swift */; };
		24C4D6B51E2E0E4600A2267D /* MedicationVC.xib in Resources */ = {isa = PBXBuildFile; fileRef = 24C4D6B41E2E0E4600A2267D /* MedicationVC.xib */; };
		24C4D6D01E2E2EBB00A2267D /* SignUpVC.swift in Sources */ = {isa = PBXBuildFile; fileRef = 0C849E6A1E2DF4500078DA28 /* SignUpVC.swift */; };
		24C4D6D11E2E2EC000A2267D /* SetupServicesVC.swift in Sources */ = {isa = PBXBuildFile; fileRef = 24C4D6941E2DF89500A2267D /* SetupServicesVC.swift */; };
		24C4D6D21E2E2EC300A2267D /* Extension.swift in Sources */ = {isa = PBXBuildFile; fileRef = 0C849E5D1E2DF3A60078DA28 /* Extension.swift */; };
/* End PBXBuildFile section */

/* Begin PBXContainerItemProxy section */
		0CBA41F61E2CAA9A0008C8E4 /* PBXContainerItemProxy */ = {
			isa = PBXContainerItemProxy;
			containerPortal = 0CBA41D91E2CAA9A0008C8E4 /* Project object */;
			proxyType = 1;
			remoteGlobalIDString = 0CBA41E01E2CAA9A0008C8E4;
			remoteInfo = AssistCare;
		};
		0CBA42011E2CAA9A0008C8E4 /* PBXContainerItemProxy */ = {
			isa = PBXContainerItemProxy;
			containerPortal = 0CBA41D91E2CAA9A0008C8E4 /* Project object */;
			proxyType = 1;
			remoteGlobalIDString = 0CBA41E01E2CAA9A0008C8E4;
			remoteInfo = AssistCare;
		};
/* End PBXContainerItemProxy section */

/* Begin PBXFileReference section */
		0C849E5B1E2DF3A60078DA28 /* AppDesign.swift */ = {isa = PBXFileReference; fileEncoding = 4; lastKnownFileType = sourcecode.swift; path = AppDesign.swift; sourceTree = "<group>"; };
		0C849E5C1E2DF3A60078DA28 /* Constant.swift */ = {isa = PBXFileReference; fileEncoding = 4; lastKnownFileType = sourcecode.swift; path = Constant.swift; sourceTree = "<group>"; };
		0C849E5D1E2DF3A60078DA28 /* Extension.swift */ = {isa = PBXFileReference; fileEncoding = 4; lastKnownFileType = sourcecode.swift; path = Extension.swift; sourceTree = "<group>"; };
		0C849E611E2DF3E50078DA28 /* CategoryVC.xib */ = {isa = PBXFileReference; fileEncoding = 4; lastKnownFileType = file.xib; path = CategoryVC.xib; sourceTree = "<group>"; };
		0C849E621E2DF3E50078DA28 /* SignUpVC.xib */ = {isa = PBXFileReference; fileEncoding = 4; lastKnownFileType = file.xib; path = SignUpVC.xib; sourceTree = "<group>"; };
		0C849E631E2DF3E50078DA28 /* VerificationLoadingVC.xib */ = {isa = PBXFileReference; fileEncoding = 4; lastKnownFileType = file.xib; path = VerificationLoadingVC.xib; sourceTree = "<group>"; };
		0C849E641E2DF3E50078DA28 /* VerificationVC.xib */ = {isa = PBXFileReference; fileEncoding = 4; lastKnownFileType = file.xib; path = VerificationVC.xib; sourceTree = "<group>"; };
		0C849E691E2DF4500078DA28 /* CategoryVC.swift */ = {isa = PBXFileReference; fileEncoding = 4; lastKnownFileType = sourcecode.swift; path = CategoryVC.swift; sourceTree = "<group>"; };
		0C849E6A1E2DF4500078DA28 /* SignUpVC.swift */ = {isa = PBXFileReference; fileEncoding = 4; lastKnownFileType = sourcecode.swift; path = SignUpVC.swift; sourceTree = "<group>"; };
		0C849E6B1E2DF4500078DA28 /* VerificationLoadingVC.swift */ = {isa = PBXFileReference; fileEncoding = 4; lastKnownFileType = sourcecode.swift; path = VerificationLoadingVC.swift; sourceTree = "<group>"; };
		0C849E6C1E2DF4500078DA28 /* VerificationVC.swift */ = {isa = PBXFileReference; fileEncoding = 4; lastKnownFileType = sourcecode.swift; path = VerificationVC.swift; sourceTree = "<group>"; };
		0C849E711E2DFAF80078DA28 /* EditProfile.xib */ = {isa = PBXFileReference; fileEncoding = 4; lastKnownFileType = file.xib; path = EditProfile.xib; sourceTree = "<group>"; };
		0C849E731E2DFB020078DA28 /* CareServicesCell.xib */ = {isa = PBXFileReference; fileEncoding = 4; lastKnownFileType = file.xib; path = CareServicesCell.xib; sourceTree = "<group>"; };
		0C849E751E2DFB170078DA28 /* EditProfile.swift */ = {isa = PBXFileReference; fileEncoding = 4; lastKnownFileType = sourcecode.swift; path = EditProfile.swift; sourceTree = "<group>"; };
		0C849E771E2DFB200078DA28 /* CareServicesCell.swift */ = {isa = PBXFileReference; fileEncoding = 4; lastKnownFileType = sourcecode.swift; path = CareServicesCell.swift; sourceTree = "<group>"; };
		0C849E791E2DFC340078DA28 /* noimg.png */ = {isa = PBXFileReference; lastKnownFileType = image.png; path = noimg.png; sourceTree = "<group>"; };
		0C849E7B1E2E27CC0078DA28 /* rightmark.png */ = {isa = PBXFileReference; lastKnownFileType = image.png; path = rightmark.png; sourceTree = "<group>"; };
		0CBA41E11E2CAA9A0008C8E4 /* AssistCare.app */ = {isa = PBXFileReference; explicitFileType = wrapper.application; includeInIndex = 0; path = AssistCare.app; sourceTree = BUILT_PRODUCTS_DIR; };
		0CBA41E41E2CAA9A0008C8E4 /* AppDelegate.swift */ = {isa = PBXFileReference; lastKnownFileType = sourcecode.swift; path = AppDelegate.swift; sourceTree = "<group>"; };
		0CBA41EB1E2CAA9A0008C8E4 /* Assets.xcassets */ = {isa = PBXFileReference; lastKnownFileType = folder.assetcatalog; path = Assets.xcassets; sourceTree = "<group>"; };
		0CBA41EE1E2CAA9A0008C8E4 /* Base */ = {isa = PBXFileReference; lastKnownFileType = file.storyboard; name = Base; path = Base.lproj/LaunchScreen.storyboard; sourceTree = "<group>"; };
		0CBA41F01E2CAA9A0008C8E4 /* Info.plist */ = {isa = PBXFileReference; lastKnownFileType = text.plist.xml; path = Info.plist; sourceTree = "<group>"; };
		0CBA41F51E2CAA9A0008C8E4 /* AssistCareTests.xctest */ = {isa = PBXFileReference; explicitFileType = wrapper.cfbundle; includeInIndex = 0; path = AssistCareTests.xctest; sourceTree = BUILT_PRODUCTS_DIR; };
		0CBA41F91E2CAA9A0008C8E4 /* AssistCareTests.swift */ = {isa = PBXFileReference; lastKnownFileType = sourcecode.swift; path = AssistCareTests.swift; sourceTree = "<group>"; };
		0CBA41FB1E2CAA9A0008C8E4 /* Info.plist */ = {isa = PBXFileReference; lastKnownFileType = text.plist.xml; path = Info.plist; sourceTree = "<group>"; };
		0CBA42001E2CAA9A0008C8E4 /* AssistCareUITests.xctest */ = {isa = PBXFileReference; explicitFileType = wrapper.cfbundle; includeInIndex = 0; path = AssistCareUITests.xctest; sourceTree = BUILT_PRODUCTS_DIR; };
		0CBA42041E2CAA9A0008C8E4 /* AssistCareUITests.swift */ = {isa = PBXFileReference; lastKnownFileType = sourcecode.swift; path = AssistCareUITests.swift; sourceTree = "<group>"; };
		0CBA42061E2CAA9A0008C8E4 /* Info.plist */ = {isa = PBXFileReference; lastKnownFileType = text.plist.xml; path = Info.plist; sourceTree = "<group>"; };
		24C4D6941E2DF89500A2267D /* SetupServicesVC.swift */ = {isa = PBXFileReference; fileEncoding = 4; lastKnownFileType = sourcecode.swift; path = SetupServicesVC.swift; sourceTree = "<group>"; };
		24C4D69A1E2DF8FA00A2267D /* SetupServicesVC.xib */ = {isa = PBXFileReference; fileEncoding = 4; lastKnownFileType = file.xib; path = SetupServicesVC.xib; sourceTree = "<group>"; };
		24C4D6A61E2DFAC400A2267D /* cellMedication.xib */ = {isa = PBXFileReference; fileEncoding = 4; lastKnownFileType = file.xib; path = cellMedication.xib; sourceTree = "<group>"; };
		24C4D6A81E2DFAD800A2267D /* cellMedication.swift */ = {isa = PBXFileReference; fileEncoding = 4; lastKnownFileType = sourcecode.swift; path = cellMedication.swift; sourceTree = "<group>"; };
		24C4D6B01E2E09FB00A2267D /* MedicationVC.swift */ = {isa = PBXFileReference; fileEncoding = 4; lastKnownFileType = sourcecode.swift; path = MedicationVC.swift; sourceTree = "<group>"; };
		24C4D6B41E2E0E4600A2267D /* MedicationVC.xib */ = {isa = PBXFileReference; fileEncoding = 4; lastKnownFileType = file.xib; path = MedicationVC.xib; sourceTree = "<group>"; };
/* End PBXFileReference section */

/* Begin PBXFrameworksBuildPhase section */
		0CBA41DE1E2CAA9A0008C8E4 /* Frameworks */ = {
			isa = PBXFrameworksBuildPhase;
			buildActionMask = 2147483647;
			files = (
			);
			runOnlyForDeploymentPostprocessing = 0;
		};
		0CBA41F21E2CAA9A0008C8E4 /* Frameworks */ = {
			isa = PBXFrameworksBuildPhase;
			buildActionMask = 2147483647;
			files = (
			);
			runOnlyForDeploymentPostprocessing = 0;
		};
		0CBA41FD1E2CAA9A0008C8E4 /* Frameworks */ = {
			isa = PBXFrameworksBuildPhase;
			buildActionMask = 2147483647;
			files = (
			);
			runOnlyForDeploymentPostprocessing = 0;
		};
/* End PBXFrameworksBuildPhase section */

/* Begin PBXGroup section */
		0C849E501E2DF28B0078DA28 /* DataLayer */ = {
			isa = PBXGroup;
			children = (
				0C849E511E2DF28B0078DA28 /* Models */,
				0C849E521E2DF28B0078DA28 /* ServerAPI */,
			);
			path = DataLayer;
			sourceTree = "<group>";
		};
		0C849E511E2DF28B0078DA28 /* Models */ = {
			isa = PBXGroup;
			children = (
			);
			path = Models;
			sourceTree = "<group>";
		};
		0C849E521E2DF28B0078DA28 /* ServerAPI */ = {
			isa = PBXGroup;
			children = (
			);
			path = ServerAPI;
			sourceTree = "<group>";
		};
		0C849E531E2DF29B0078DA28 /* PresentationLayer */ = {
			isa = PBXGroup;
			children = (
				0C849E541E2DF29B0078DA28 /* Views */,
			);
			name = PresentationLayer;
			path = ../../../PresentationLayer;
			sourceTree = "<group>";
		};
		0C849E541E2DF29B0078DA28 /* Views */ = {
			isa = PBXGroup;
			children = (
				0C849E711E2DFAF80078DA28 /* EditProfile.xib */,
				0C849E611E2DF3E50078DA28 /* CategoryVC.xib */,
				0C849E621E2DF3E50078DA28 /* SignUpVC.xib */,
				0C849E631E2DF3E50078DA28 /* VerificationLoadingVC.xib */,
				0C849E641E2DF3E50078DA28 /* VerificationVC.xib */,
				24C4D6B41E2E0E4600A2267D /* MedicationVC.xib */,
			);
			path = Views;
			sourceTree = "<group>";
		};
		0C849E551E2DF29B0078DA28 /* CellView */ = {
			isa = PBXGroup;
			children = (
				0C849E731E2DFB020078DA28 /* CareServicesCell.xib */,
			);
			path = CellView;
			sourceTree = "<group>";
		};

		0C849E561E2DF2B20078DA28 /* BusinessLayer */ = {
			isa = PBXGroup;
			children = (
				0C849E571E2DF2B20078DA28 /* Controllers */,
				0C849E5A1E2DF2B20078DA28 /* Helpers */,
			);
			path = BusinessLayer;
			sourceTree = "<group>";
		};
		0C849E571E2DF2B20078DA28 /* Controllers */ = {
			isa = PBXGroup;
			children = (
				24C4D6A41E2DFA8800A2267D /* CellControllers */,
				0C849E591E2DF2B20078DA28 /* ViewControllers */,
			);
			path = Controllers;
			sourceTree = "<group>";
		};
		0C849E581E2DF2B20078DA28 /* CellControllers */ = {
			isa = PBXGroup;
			children = (
				0C849E771E2DFB200078DA28 /* CareServicesCell.swift */,
			);
			path = CellControllers;
			sourceTree = "<group>";
		};
		0C849E591E2DF2B20078DA28 /* ViewControllers */ = {
			isa = PBXGroup;
			children = (
				0C849E751E2DFB170078DA28 /* EditProfile.swift */,

				0C849E691E2DF4500078DA28 /* CategoryVC.swift */,
				0C849E6A1E2DF4500078DA28 /* SignUpVC.swift */,
				0C849E6B1E2DF4500078DA28 /* VerificationLoadingVC.swift */,
				0C849E6C1E2DF4500078DA28 /* VerificationVC.swift */,
				24C4D6B01E2E09FB00A2267D /* MedicationVC.swift */,
				0C849E531E2DF29B0078DA28 /* PresentationLayer */,
			);
			path = ViewControllers;
			sourceTree = "<group>";
		};
		0C849E5A1E2DF2B20078DA28 /* Helpers */ = {
			isa = PBXGroup;
			children = (
				0C849E5B1E2DF3A60078DA28 /* AppDesign.swift */,
				0C849E5C1E2DF3A60078DA28 /* Constant.swift */,
				0C849E5D1E2DF3A60078DA28 /* Extension.swift */,
			);
			path = Helpers;
			sourceTree = "<group>";
		};
		0CBA41D81E2CAA9A0008C8E4 = {
			isa = PBXGroup;
			children = (
				0CBA41E21E2CAA9A0008C8E4 /* Products */,
				0CBA41E31E2CAA9A0008C8E4 /* AssistCare */,
				0CBA41F81E2CAA9A0008C8E4 /* AssistCareTests */,
				0CBA42031E2CAA9A0008C8E4 /* AssistCareUITests */,
			);
			sourceTree = "<group>";
		};
		0CBA41E21E2CAA9A0008C8E4 /* Products */ = {
			isa = PBXGroup;
			children = (
				0CBA41E11E2CAA9A0008C8E4 /* AssistCare.app */,
				0CBA41F51E2CAA9A0008C8E4 /* AssistCareTests.xctest */,
				0CBA42001E2CAA9A0008C8E4 /* AssistCareUITests.xctest */,
			);
			name = Products;
			sourceTree = "<group>";
		};
		0CBA41E31E2CAA9A0008C8E4 /* AssistCare */ = {
			isa = PBXGroup;
			children = (
				0C849E7B1E2E27CC0078DA28 /* rightmark.png */,
				0C849E791E2DFC340078DA28 /* noimg.png */,
				0C849E561E2DF2B20078DA28 /* BusinessLayer */,
				0C849E501E2DF28B0078DA28 /* DataLayer */,
				0CBA41E41E2CAA9A0008C8E4 /* AppDelegate.swift */,
				0CBA41EB1E2CAA9A0008C8E4 /* Assets.xcassets */,
				0CBA41ED1E2CAA9A0008C8E4 /* LaunchScreen.storyboard */,
				0CBA41F01E2CAA9A0008C8E4 /* Info.plist */,
			);
			path = AssistCare;
			sourceTree = "<group>";
		};
		0CBA41F81E2CAA9A0008C8E4 /* AssistCareTests */ = {
			isa = PBXGroup;
			children = (
				0CBA41F91E2CAA9A0008C8E4 /* AssistCareTests.swift */,
				0CBA41FB1E2CAA9A0008C8E4 /* Info.plist */,
			);
			path = AssistCareTests;
			sourceTree = "<group>";
		};
		0CBA42031E2CAA9A0008C8E4 /* AssistCareUITests */ = {
			isa = PBXGroup;
			children = (
				0CBA42041E2CAA9A0008C8E4 /* AssistCareUITests.swift */,
				0CBA42061E2CAA9A0008C8E4 /* Info.plist */,
			);
			path = AssistCareUITests;
			sourceTree = "<group>";
		};
		24C4D6A41E2DFA8800A2267D /* CellControllers */ = {
			isa = PBXGroup;
			children = (
				24C4D6A81E2DFAD800A2267D /* cellMedication.swift */,
			);
			name = CellControllers;
			sourceTree = "<group>";
		};
		24C4D6A51E2DFA9E00A2267D /* CellView */ = {
			isa = PBXGroup;
			children = (
				24C4D6A61E2DFAC400A2267D /* cellMedication.xib */,
			);
			name = CellView;
			sourceTree = "<group>";
		};
/* End PBXGroup section */

/* Begin PBXNativeTarget section */
		0CBA41E01E2CAA9A0008C8E4 /* AssistCare */ = {
			isa = PBXNativeTarget;
			buildConfigurationList = 0CBA42091E2CAA9A0008C8E4 /* Build configuration list for PBXNativeTarget "AssistCare" */;
			buildPhases = (
				0CBA41DD1E2CAA9A0008C8E4 /* Sources */,
				0CBA41DE1E2CAA9A0008C8E4 /* Frameworks */,
				0CBA41DF1E2CAA9A0008C8E4 /* Resources */,
			);
			buildRules = (
			);
			dependencies = (
			);
			name = AssistCare;
			productName = AssistCare;
			productReference = 0CBA41E11E2CAA9A0008C8E4 /* AssistCare.app */;
			productType = "com.apple.product-type.application";
		};
		0CBA41F41E2CAA9A0008C8E4 /* AssistCareTests */ = {
			isa = PBXNativeTarget;
			buildConfigurationList = 0CBA420C1E2CAA9A0008C8E4 /* Build configuration list for PBXNativeTarget "AssistCareTests" */;
			buildPhases = (
				5C856C37CE1CB85CBE04D921 /* [CP] Check Pods Manifest.lock */,
				0CBA41F11E2CAA9A0008C8E4 /* Sources */,
				0CBA41F21E2CAA9A0008C8E4 /* Frameworks */,
				0CBA41F31E2CAA9A0008C8E4 /* Resources */,
				3FDCA072FA563ED968F076CD /* [CP] Embed Pods Frameworks */,
				BD4D5F389B8025CE3E19B63F /* [CP] Copy Pods Resources */,
			);
			buildRules = (
			);
			dependencies = (
				0CBA41F71E2CAA9A0008C8E4 /* PBXTargetDependency */,
			);
			name = AssistCareTests;
			productName = AssistCareTests;
			productReference = 0CBA41F51E2CAA9A0008C8E4 /* AssistCareTests.xctest */;
			productType = "com.apple.product-type.bundle.unit-test";
		};
		0CBA41FF1E2CAA9A0008C8E4 /* AssistCareUITests */ = {
			isa = PBXNativeTarget;
			buildConfigurationList = 0CBA420F1E2CAA9A0008C8E4 /* Build configuration list for PBXNativeTarget "AssistCareUITests" */;
			buildPhases = (
				1A7E769432022D1A28C72183 /* [CP] Check Pods Manifest.lock */,
				0CBA41FC1E2CAA9A0008C8E4 /* Sources */,
				0CBA41FD1E2CAA9A0008C8E4 /* Frameworks */,
				0CBA41FE1E2CAA9A0008C8E4 /* Resources */,
				F61A0F7A67AF64632AA14CBB /* [CP] Copy Pods Resources */,
			);
			buildRules = (
			);
			dependencies = (
				0CBA42021E2CAA9A0008C8E4 /* PBXTargetDependency */,
			);
			name = AssistCareUITests;
			productName = AssistCareUITests;
			productReference = 0CBA42001E2CAA9A0008C8E4 /* AssistCareUITests.xctest */;
			productType = "com.apple.product-type.bundle.ui-testing";
		};
/* End PBXNativeTarget section */

/* Begin PBXProject section */
		0CBA41D91E2CAA9A0008C8E4 /* Project object */ = {
			isa = PBXProject;
			attributes = {
				LastSwiftUpdateCheck = 0820;
				LastUpgradeCheck = 0820;
				ORGANIZATIONNAME = Lanetteam;
				TargetAttributes = {
					0CBA41E01E2CAA9A0008C8E4 = {
						CreatedOnToolsVersion = 8.2.1;
						LastSwiftMigration = 0820;
						ProvisioningStyle = Manual;
					};
					0CBA41F41E2CAA9A0008C8E4 = {
						CreatedOnToolsVersion = 8.2.1;
						LastSwiftMigration = 0820;
						ProvisioningStyle = Automatic;
						TestTargetID = 0CBA41E01E2CAA9A0008C8E4;
					};
					0CBA41FF1E2CAA9A0008C8E4 = {
						CreatedOnToolsVersion = 8.2.1;
						LastSwiftMigration = 0820;
						ProvisioningStyle = Automatic;
						TestTargetID = 0CBA41E01E2CAA9A0008C8E4;
					};
				};
			};
			buildConfigurationList = 0CBA41DC1E2CAA9A0008C8E4 /* Build configuration list for PBXProject "AssistCare" */;
			compatibilityVersion = "Xcode 3.2";
			developmentRegion = English;
			hasScannedForEncodings = 0;
			knownRegions = (
				en,
				Base,
			);
			mainGroup = 0CBA41D81E2CAA9A0008C8E4;
			productRefGroup = 0CBA41E21E2CAA9A0008C8E4 /* Products */;
			projectDirPath = "";
			projectRoot = "";
			targets = (
				0CBA41E01E2CAA9A0008C8E4 /* AssistCare */,
				0CBA41F41E2CAA9A0008C8E4 /* AssistCareTests */,
				0CBA41FF1E2CAA9A0008C8E4 /* AssistCareUITests */,
			);
		};
/* End PBXProject section */

/* Begin PBXResourcesBuildPhase section */
		0CBA41DF1E2CAA9A0008C8E4 /* Resources */ = {
			isa = PBXResourcesBuildPhase;
			buildActionMask = 2147483647;
			files = (
				0C849E7A1E2DFC340078DA28 /* noimg.png in Resources */,
				0C849E661E2DF3E50078DA28 /* SignUpVC.xib in Resources */,
				0CBA41EF1E2CAA9A0008C8E4 /* LaunchScreen.storyboard in Resources */,
				0C849E7C1E2E27CC0078DA28 /* rightmark.png in Resources */,
				0CBA41EC1E2CAA9A0008C8E4 /* Assets.xcassets in Resources */,
				0C849E671E2DF3E50078DA28 /* VerificationLoadingVC.xib in Resources */,
				0C849E741E2DFB020078DA28 /* CareServicesCell.xib in Resources */,
				0C849E721E2DFAF80078DA28 /* EditProfile.xib in Resources */,

				0C849E651E2DF3E50078DA28 /* CategoryVC.xib in Resources */,
				0C849E681E2DF3E50078DA28 /* VerificationVC.xib in Resources */,
			);
			runOnlyForDeploymentPostprocessing = 0;
		};
		0CBA41F31E2CAA9A0008C8E4 /* Resources */ = {
			isa = PBXResourcesBuildPhase;
			buildActionMask = 2147483647;
			files = (
			);
			runOnlyForDeploymentPostprocessing = 0;
		};
		0CBA41FE1E2CAA9A0008C8E4 /* Resources */ = {
			isa = PBXResourcesBuildPhase;
			buildActionMask = 2147483647;
			files = (
			);
			runOnlyForDeploymentPostprocessing = 0;
		};
/* End PBXResourcesBuildPhase section */

/* Begin PBXShellScriptBuildPhase section */
		1A7E769432022D1A28C72183 /* [CP] Check Pods Manifest.lock */ = {
			isa = PBXShellScriptBuildPhase;
			buildActionMask = 2147483647;
			files = (
			);
			inputPaths = (
			);
			name = "[CP] Check Pods Manifest.lock";
			outputPaths = (
			);
			runOnlyForDeploymentPostprocessing = 0;
			shellPath = /bin/sh;
			shellScript = "diff \"${PODS_ROOT}/../Podfile.lock\" \"${PODS_ROOT}/Manifest.lock\" > /dev/null\nif [[ $? != 0 ]] ; then\n    cat << EOM\nerror: The sandbox is not in sync with the Podfile.lock. Run 'pod install' or update your CocoaPods installation.\nEOM\n    exit 1\nfi\n";
			showEnvVarsInLog = 0;
		};
		3FDCA072FA563ED968F076CD /* [CP] Embed Pods Frameworks */ = {
			isa = PBXShellScriptBuildPhase;
			buildActionMask = 2147483647;
			files = (
			);
			inputPaths = (
			);
			name = "[CP] Embed Pods Frameworks";
			outputPaths = (
			);
			runOnlyForDeploymentPostprocessing = 0;
			shellPath = /bin/sh;
			shellScript = "\"${SRCROOT}/Pods/Target Support Files/Pods-AssistCareTests/Pods-AssistCareTests-frameworks.sh\"\n";
			showEnvVarsInLog = 0;
		};
		5C856C37CE1CB85CBE04D921 /* [CP] Check Pods Manifest.lock */ = {
			isa = PBXShellScriptBuildPhase;
			buildActionMask = 2147483647;
			files = (
			);
			inputPaths = (
			);
			name = "[CP] Check Pods Manifest.lock";
			outputPaths = (
			);
			runOnlyForDeploymentPostprocessing = 0;
			shellPath = /bin/sh;
			shellScript = "diff \"${PODS_ROOT}/../Podfile.lock\" \"${PODS_ROOT}/Manifest.lock\" > /dev/null\nif [[ $? != 0 ]] ; then\n    cat << EOM\nerror: The sandbox is not in sync with the Podfile.lock. Run 'pod install' or update your CocoaPods installation.\nEOM\n    exit 1\nfi\n";
			showEnvVarsInLog = 0;
		};
		BD4D5F389B8025CE3E19B63F /* [CP] Copy Pods Resources */ = {
			isa = PBXShellScriptBuildPhase;
			buildActionMask = 2147483647;
			files = (
			);
			inputPaths = (
			);
			name = "[CP] Copy Pods Resources";
			outputPaths = (
			);
			runOnlyForDeploymentPostprocessing = 0;
			shellPath = /bin/sh;
			shellScript = "\"${SRCROOT}/Pods/Target Support Files/Pods-AssistCareTests/Pods-AssistCareTests-resources.sh\"\n";
			showEnvVarsInLog = 0;
		};
		F61A0F7A67AF64632AA14CBB /* [CP] Copy Pods Resources */ = {
			isa = PBXShellScriptBuildPhase;
			buildActionMask = 2147483647;
			files = (
			);
			inputPaths = (
			);
			name = "[CP] Copy Pods Resources";
			outputPaths = (
			);
			runOnlyForDeploymentPostprocessing = 0;
			shellPath = /bin/sh;
			shellScript = "\"${SRCROOT}/Pods/Target Support Files/Pods-AssistCareUITests/Pods-AssistCareUITests-resources.sh\"\n";
			showEnvVarsInLog = 0;
		};
/* End PBXShellScriptBuildPhase section */

/* Begin PBXSourcesBuildPhase section */
		0CBA41DD1E2CAA9A0008C8E4 /* Sources */ = {
			isa = PBXSourcesBuildPhase;
			buildActionMask = 2147483647;
			files = (
				0C849E781E2DFB200078DA28 /* CareServicesCell.swift in Sources */,

				0C849E6D1E2DF4500078DA28 /* CategoryVC.swift in Sources */,
				0C849E6F1E2DF4500078DA28 /* VerificationLoadingVC.swift in Sources */,
				24C4D6B11E2E09FB00A2267D /* MedicationVC.swift in Sources */,
				0C849E5F1E2DF3A60078DA28 /* Constant.swift in Sources */,
				0C849E701E2DF4500078DA28 /* VerificationVC.swift in Sources */,
				0CBA41E51E2CAA9A0008C8E4 /* AppDelegate.swift in Sources */,
				0C849E5E1E2DF3A60078DA28 /* AppDesign.swift in Sources */,
				0C849E6E1E2DF4500078DA28 /* SignUpVC.swift in Sources */,
				0C849E601E2DF3A60078DA28 /* Extension.swift in Sources */,
				0C849E761E2DFB170078DA28 /* EditProfile.swift in Sources */,

			);
			runOnlyForDeploymentPostprocessing = 0;
		};
		0CBA41F11E2CAA9A0008C8E4 /* Sources */ = {
			isa = PBXSourcesBuildPhase;
			buildActionMask = 2147483647;
			files = (
				0CBA41FA1E2CAA9A0008C8E4 /* AssistCareTests.swift in Sources */,
			);
			runOnlyForDeploymentPostprocessing = 0;
		};
		0CBA41FC1E2CAA9A0008C8E4 /* Sources */ = {
			isa = PBXSourcesBuildPhase;
			buildActionMask = 2147483647;
			files = (
				0CBA42051E2CAA9A0008C8E4 /* AssistCareUITests.swift in Sources */,
			);
			runOnlyForDeploymentPostprocessing = 0;
		};
/* End PBXSourcesBuildPhase section */

/* Begin PBXTargetDependency section */
		0CBA41F71E2CAA9A0008C8E4 /* PBXTargetDependency */ = {
			isa = PBXTargetDependency;
			target = 0CBA41E01E2CAA9A0008C8E4 /* AssistCare */;
			targetProxy = 0CBA41F61E2CAA9A0008C8E4 /* PBXContainerItemProxy */;
		};
		0CBA42021E2CAA9A0008C8E4 /* PBXTargetDependency */ = {
			isa = PBXTargetDependency;
			target = 0CBA41E01E2CAA9A0008C8E4 /* AssistCare */;
			targetProxy = 0CBA42011E2CAA9A0008C8E4 /* PBXContainerItemProxy */;
		};
/* End PBXTargetDependency section */

/* Begin PBXVariantGroup section */
		0CBA41ED1E2CAA9A0008C8E4 /* LaunchScreen.storyboard */ = {
			isa = PBXVariantGroup;
			children = (
				0CBA41EE1E2CAA9A0008C8E4 /* Base */,
			);
			name = LaunchScreen.storyboard;
			sourceTree = "<group>";
		};
/* End PBXVariantGroup section */

/* Begin XCBuildConfiguration section */
		0CBA42071E2CAA9A0008C8E4 /* Debug */ = {
			isa = XCBuildConfiguration;
			buildSettings = {
				ALWAYS_SEARCH_USER_PATHS = NO;
				CLANG_ANALYZER_NONNULL = YES;
				CLANG_CXX_LANGUAGE_STANDARD = "gnu++0x";
				CLANG_CXX_LIBRARY = "libc++";
				CLANG_ENABLE_MODULES = YES;
				CLANG_ENABLE_OBJC_ARC = YES;
				CLANG_WARN_BOOL_CONVERSION = YES;
				CLANG_WARN_CONSTANT_CONVERSION = YES;
				CLANG_WARN_DIRECT_OBJC_ISA_USAGE = YES_ERROR;
				CLANG_WARN_DOCUMENTATION_COMMENTS = YES;
				CLANG_WARN_EMPTY_BODY = YES;
				CLANG_WARN_ENUM_CONVERSION = YES;
				CLANG_WARN_INFINITE_RECURSION = YES;
				CLANG_WARN_INT_CONVERSION = YES;
				CLANG_WARN_OBJC_ROOT_CLASS = YES_ERROR;
				CLANG_WARN_SUSPICIOUS_MOVE = YES;
				CLANG_WARN_UNREACHABLE_CODE = YES;
				CLANG_WARN__DUPLICATE_METHOD_MATCH = YES;
				"CODE_SIGN_IDENTITY[sdk=iphoneos*]" = "iPhone Developer";
				COPY_PHASE_STRIP = NO;
				DEBUG_INFORMATION_FORMAT = dwarf;
				ENABLE_STRICT_OBJC_MSGSEND = YES;
				ENABLE_TESTABILITY = YES;
				GCC_C_LANGUAGE_STANDARD = gnu99;
				GCC_DYNAMIC_NO_PIC = NO;
				GCC_NO_COMMON_BLOCKS = YES;
				GCC_OPTIMIZATION_LEVEL = 0;
				GCC_PREPROCESSOR_DEFINITIONS = (
					"DEBUG=1",
					"$(inherited)",
				);
				GCC_WARN_64_TO_32_BIT_CONVERSION = YES;
				GCC_WARN_ABOUT_RETURN_TYPE = YES_ERROR;
				GCC_WARN_UNDECLARED_SELECTOR = YES;
				GCC_WARN_UNINITIALIZED_AUTOS = YES_AGGRESSIVE;
				GCC_WARN_UNUSED_FUNCTION = YES;
				GCC_WARN_UNUSED_VARIABLE = YES;
				IPHONEOS_DEPLOYMENT_TARGET = 10.2;
				MTL_ENABLE_DEBUG_INFO = YES;
				ONLY_ACTIVE_ARCH = YES;
				SDKROOT = iphoneos;
				SWIFT_ACTIVE_COMPILATION_CONDITIONS = DEBUG;
				SWIFT_OPTIMIZATION_LEVEL = "-Onone";
				TARGETED_DEVICE_FAMILY = "1,2";
			};
			name = Debug;
		};
		0CBA42081E2CAA9A0008C8E4 /* Release */ = {
			isa = XCBuildConfiguration;
			buildSettings = {
				ALWAYS_SEARCH_USER_PATHS = NO;
				CLANG_ANALYZER_NONNULL = YES;
				CLANG_CXX_LANGUAGE_STANDARD = "gnu++0x";
				CLANG_CXX_LIBRARY = "libc++";
				CLANG_ENABLE_MODULES = YES;
				CLANG_ENABLE_OBJC_ARC = YES;
				CLANG_WARN_BOOL_CONVERSION = YES;
				CLANG_WARN_CONSTANT_CONVERSION = YES;
				CLANG_WARN_DIRECT_OBJC_ISA_USAGE = YES_ERROR;
				CLANG_WARN_DOCUMENTATION_COMMENTS = YES;
				CLANG_WARN_EMPTY_BODY = YES;
				CLANG_WARN_ENUM_CONVERSION = YES;
				CLANG_WARN_INFINITE_RECURSION = YES;
				CLANG_WARN_INT_CONVERSION = YES;
				CLANG_WARN_OBJC_ROOT_CLASS = YES_ERROR;
				CLANG_WARN_SUSPICIOUS_MOVE = YES;
				CLANG_WARN_UNREACHABLE_CODE = YES;
				CLANG_WARN__DUPLICATE_METHOD_MATCH = YES;
				"CODE_SIGN_IDENTITY[sdk=iphoneos*]" = "iPhone Developer";
				COPY_PHASE_STRIP = NO;
				DEBUG_INFORMATION_FORMAT = "dwarf-with-dsym";
				ENABLE_NS_ASSERTIONS = NO;
				ENABLE_STRICT_OBJC_MSGSEND = YES;
				GCC_C_LANGUAGE_STANDARD = gnu99;
				GCC_NO_COMMON_BLOCKS = YES;
				GCC_WARN_64_TO_32_BIT_CONVERSION = YES;
				GCC_WARN_ABOUT_RETURN_TYPE = YES_ERROR;
				GCC_WARN_UNDECLARED_SELECTOR = YES;
				GCC_WARN_UNINITIALIZED_AUTOS = YES_AGGRESSIVE;
				GCC_WARN_UNUSED_FUNCTION = YES;
				GCC_WARN_UNUSED_VARIABLE = YES;
				IPHONEOS_DEPLOYMENT_TARGET = 10.2;
				MTL_ENABLE_DEBUG_INFO = NO;
				SDKROOT = iphoneos;
				SWIFT_OPTIMIZATION_LEVEL = "-Owholemodule";
				TARGETED_DEVICE_FAMILY = "1,2";
				VALIDATE_PRODUCT = YES;
			};
			name = Release;
		};
		0CBA420A1E2CAA9A0008C8E4 /* Debug */ = {
			isa = XCBuildConfiguration;
			buildSettings = {
				ASSETCATALOG_COMPILER_APPICON_NAME = AppIcon;
				DEVELOPMENT_TEAM = "";
				INFOPLIST_FILE = AssistCare/Info.plist;
				LD_RUNPATH_SEARCH_PATHS = "$(inherited) @executable_path/Frameworks";
				PRODUCT_BUNDLE_IDENTIFIER = Lanetteam.AssistCare;
				PRODUCT_NAME = "$(TARGET_NAME)";
				SWIFT_VERSION = 3.0;
			};
			name = Debug;
		};
		0CBA420B1E2CAA9A0008C8E4 /* Release */ = {
			isa = XCBuildConfiguration;
			buildSettings = {
				ASSETCATALOG_COMPILER_APPICON_NAME = AppIcon;
				DEVELOPMENT_TEAM = "";
				INFOPLIST_FILE = AssistCare/Info.plist;
				LD_RUNPATH_SEARCH_PATHS = "$(inherited) @executable_path/Frameworks";
				PRODUCT_BUNDLE_IDENTIFIER = Lanetteam.AssistCare;
				PRODUCT_NAME = "$(TARGET_NAME)";
				SWIFT_VERSION = 3.0;
			};
			name = Release;
		};
		0CBA420D1E2CAA9A0008C8E4 /* Debug */ = {
			isa = XCBuildConfiguration;
			buildSettings = {
				ALWAYS_EMBED_SWIFT_STANDARD_LIBRARIES = YES;
				BUNDLE_LOADER = "$(TEST_HOST)";
				INFOPLIST_FILE = AssistCareTests/Info.plist;
				LD_RUNPATH_SEARCH_PATHS = "$(inherited) @executable_path/Frameworks @loader_path/Frameworks";
				PRODUCT_BUNDLE_IDENTIFIER = Lanetteam.AssistCareTests;
				PRODUCT_NAME = "$(TARGET_NAME)";
				SWIFT_VERSION = 3.0;
				TEST_HOST = "$(BUILT_PRODUCTS_DIR)/AssistCare.app/AssistCare";
			};
			name = Debug;
		};
		0CBA420E1E2CAA9A0008C8E4 /* Release */ = {
			isa = XCBuildConfiguration;
			buildSettings = {
				ALWAYS_EMBED_SWIFT_STANDARD_LIBRARIES = YES;
				BUNDLE_LOADER = "$(TEST_HOST)";
				INFOPLIST_FILE = AssistCareTests/Info.plist;
				LD_RUNPATH_SEARCH_PATHS = "$(inherited) @executable_path/Frameworks @loader_path/Frameworks";
				PRODUCT_BUNDLE_IDENTIFIER = Lanetteam.AssistCareTests;
				PRODUCT_NAME = "$(TARGET_NAME)";
				SWIFT_VERSION = 3.0;
				TEST_HOST = "$(BUILT_PRODUCTS_DIR)/AssistCare.app/AssistCare";
			};
			name = Release;
		};
		0CBA42101E2CAA9A0008C8E4 /* Debug */ = {
			isa = XCBuildConfiguration;
			buildSettings = {
				ALWAYS_EMBED_SWIFT_STANDARD_LIBRARIES = YES;
				INFOPLIST_FILE = AssistCareUITests/Info.plist;
				LD_RUNPATH_SEARCH_PATHS = "$(inherited) @executable_path/Frameworks @loader_path/Frameworks";
				PRODUCT_BUNDLE_IDENTIFIER = Lanetteam.AssistCareUITests;
				PRODUCT_NAME = "$(TARGET_NAME)";
				SWIFT_VERSION = 3.0;
				TEST_TARGET_NAME = AssistCare;
			};
			name = Debug;
		};
		0CBA42111E2CAA9A0008C8E4 /* Release */ = {
			isa = XCBuildConfiguration;
			buildSettings = {
				ALWAYS_EMBED_SWIFT_STANDARD_LIBRARIES = YES;
				INFOPLIST_FILE = AssistCareUITests/Info.plist;
				LD_RUNPATH_SEARCH_PATHS = "$(inherited) @executable_path/Frameworks @loader_path/Frameworks";
				PRODUCT_BUNDLE_IDENTIFIER = Lanetteam.AssistCareUITests;
				PRODUCT_NAME = "$(TARGET_NAME)";
				SWIFT_VERSION = 3.0;
				TEST_TARGET_NAME = AssistCare;
			};
			name = Release;
		};
/* End XCBuildConfiguration section */

/* Begin XCConfigurationList section */
		0CBA41DC1E2CAA9A0008C8E4 /* Build configuration list for PBXProject "AssistCare" */ = {
			isa = XCConfigurationList;
			buildConfigurations = (
				0CBA42071E2CAA9A0008C8E4 /* Debug */,
				0CBA42081E2CAA9A0008C8E4 /* Release */,
			);
			defaultConfigurationIsVisible = 0;
			defaultConfigurationName = Release;
		};
		0CBA42091E2CAA9A0008C8E4 /* Build configuration list for PBXNativeTarget "AssistCare" */ = {
			isa = XCConfigurationList;
			buildConfigurations = (
				0CBA420A1E2CAA9A0008C8E4 /* Debug */,
				0CBA420B1E2CAA9A0008C8E4 /* Release */,
			);
			defaultConfigurationIsVisible = 0;
			defaultConfigurationName = Release;
		};
		0CBA420C1E2CAA9A0008C8E4 /* Build configuration list for PBXNativeTarget "AssistCareTests" */ = {
			isa = XCConfigurationList;
			buildConfigurations = (
				0CBA420D1E2CAA9A0008C8E4 /* Debug */,
				0CBA420E1E2CAA9A0008C8E4 /* Release */,
			);
			defaultConfigurationIsVisible = 0;
			defaultConfigurationName = Release;
		};
		0CBA420F1E2CAA9A0008C8E4 /* Build configuration list for PBXNativeTarget "AssistCareUITests" */ = {
			isa = XCConfigurationList;
			buildConfigurations = (
				0CBA42101E2CAA9A0008C8E4 /* Debug */,
				0CBA42111E2CAA9A0008C8E4 /* Release */,
			);
			defaultConfigurationIsVisible = 0;
			defaultConfigurationName = Release;
		};
/* End XCConfigurationList section */
	};
	rootObject = 0CBA41D91E2CAA9A0008C8E4 /* Project object */;
}
