// !$*UTF8*$!
{
	archiveVersion = 1;
	classes = {
	};
	objectVersion = 46;
	objects = {

/* Begin PBXBuildFile section */
		0C19A2B71E3731B30014B01C /* add_button.png in Resources */ = {isa = PBXBuildFile; fileRef = 0C19A2AF1E3731B30014B01C /* add_button.png */; };
		0C19A2B81E3731B30014B01C /* bell.png in Resources */ = {isa = PBXBuildFile; fileRef = 0C19A2B01E3731B30014B01C /* bell.png */; };
		0C19A2B91E3731B30014B01C /* camera.png in Resources */ = {isa = PBXBuildFile; fileRef = 0C19A2B11E3731B30014B01C /* camera.png */; };
		0C19A2BA1E3731B30014B01C /* back_nav.png in Resources */ = {isa = PBXBuildFile; fileRef = 0C19A2B21E3731B30014B01C /* back_nav.png */; };
		0C19A2BB1E3731B30014B01C /* Home-50.png in Resources */ = {isa = PBXBuildFile; fileRef = 0C19A2B31E3731B30014B01C /* Home-50.png */; };
		0C19A2BC1E3731B30014B01C /* noimg.png in Resources */ = {isa = PBXBuildFile; fileRef = 0C19A2B41E3731B30014B01C /* noimg.png */; };
		0C19A2BD1E3731B30014B01C /* rightmark.png in Resources */ = {isa = PBXBuildFile; fileRef = 0C19A2B51E3731B30014B01C /* rightmark.png */; };
		0C19A2BE1E3731B30014B01C /* visa.png in Resources */ = {isa = PBXBuildFile; fileRef = 0C19A2B61E3731B30014B01C /* visa.png */; };
		0C19A2DF1E3731EF0014B01C /* FSCalendar.m in Sources */ = {isa = PBXBuildFile; fileRef = 0C19A2C01E3731EF0014B01C /* FSCalendar.m */; };
		0C19A2E01E3731EF0014B01C /* FSCalendar+Deprecated.m in Sources */ = {isa = PBXBuildFile; fileRef = 0C19A2C11E3731EF0014B01C /* FSCalendar+Deprecated.m */; };
		0C19A2E11E3731EF0014B01C /* FSCalendarAppearance.m in Sources */ = {isa = PBXBuildFile; fileRef = 0C19A2C31E3731EF0014B01C /* FSCalendarAppearance.m */; };
		0C19A2E21E3731EF0014B01C /* FSCalendarCalculator.m in Sources */ = {isa = PBXBuildFile; fileRef = 0C19A2C51E3731EF0014B01C /* FSCalendarCalculator.m */; };
		0C19A2E31E3731EF0014B01C /* FSCalendarCell.m in Sources */ = {isa = PBXBuildFile; fileRef = 0C19A2C71E3731EF0014B01C /* FSCalendarCell.m */; };
		0C19A2E41E3731EF0014B01C /* FSCalendarCollectionView.m in Sources */ = {isa = PBXBuildFile; fileRef = 0C19A2C91E3731EF0014B01C /* FSCalendarCollectionView.m */; };
		0C19A2E51E3731EF0014B01C /* FSCalendarCollectionViewLayout.m in Sources */ = {isa = PBXBuildFile; fileRef = 0C19A2CB1E3731EF0014B01C /* FSCalendarCollectionViewLayout.m */; };
		0C19A2E61E3731EF0014B01C /* FSCalendarConstants.m in Sources */ = {isa = PBXBuildFile; fileRef = 0C19A2CD1E3731EF0014B01C /* FSCalendarConstants.m */; };
		0C19A2E71E3731EF0014B01C /* FSCalendarDelegationFactory.m in Sources */ = {isa = PBXBuildFile; fileRef = 0C19A2CF1E3731EF0014B01C /* FSCalendarDelegationFactory.m */; };
		0C19A2E81E3731EF0014B01C /* FSCalendarDelegationProxy.m in Sources */ = {isa = PBXBuildFile; fileRef = 0C19A2D11E3731EF0014B01C /* FSCalendarDelegationProxy.m */; };
		0C19A2E91E3731EF0014B01C /* FSCalendarExtensions.m in Sources */ = {isa = PBXBuildFile; fileRef = 0C19A2D41E3731EF0014B01C /* FSCalendarExtensions.m */; };
		0C19A2EA1E3731EF0014B01C /* FSCalendarHeaderView.m in Sources */ = {isa = PBXBuildFile; fileRef = 0C19A2D61E3731EF0014B01C /* FSCalendarHeaderView.m */; };
		0C19A2EB1E3731EF0014B01C /* FSCalendarScopeHandle.m in Sources */ = {isa = PBXBuildFile; fileRef = 0C19A2D81E3731EF0014B01C /* FSCalendarScopeHandle.m */; };
		0C19A2EC1E3731EF0014B01C /* FSCalendarStickyHeader.m in Sources */ = {isa = PBXBuildFile; fileRef = 0C19A2DA1E3731EF0014B01C /* FSCalendarStickyHeader.m */; };
		0C19A2ED1E3731EF0014B01C /* FSCalendarTransitionCoordinator.m in Sources */ = {isa = PBXBuildFile; fileRef = 0C19A2DC1E3731EF0014B01C /* FSCalendarTransitionCoordinator.m */; };
		0C19A2EE1E3731EF0014B01C /* FSCalendarWeekdayView.m in Sources */ = {isa = PBXBuildFile; fileRef = 0C19A2DE1E3731EF0014B01C /* FSCalendarWeekdayView.m */; };
		0C91A8971E31F51E0000955E /* AppoinmentHeaderCell.swift in Sources */ = {isa = PBXBuildFile; fileRef = 0C91A8961E31F51E0000955E /* AppoinmentHeaderCell.swift */; };
		0C91A8991E320B580000955E /* ReferealVC.xib in Resources */ = {isa = PBXBuildFile; fileRef = 0C91A8981E320B580000955E /* ReferealVC.xib */; };
		0C91A89B1E320BFC0000955E /* ReferealVC.swift in Sources */ = {isa = PBXBuildFile; fileRef = 0C91A89A1E320BFC0000955E /* ReferealVC.swift */; };
		0C91A8A71E3230530000955E /* PersonHistoryCell.xib in Resources */ = {isa = PBXBuildFile; fileRef = 0C91A8A51E3230530000955E /* PersonHistoryCell.xib */; };
		0C91A8A91E32306D0000955E /* PersonHistoryCell.swift in Sources */ = {isa = PBXBuildFile; fileRef = 0C91A8A81E32306D0000955E /* PersonHistoryCell.swift */; };
		0CA0B7341E38A7DD0066D0EA /* CareGiverDetailVC.xib in Resources */ = {isa = PBXBuildFile; fileRef = 0CA0B7331E38A7DD0066D0EA /* CareGiverDetailVC.xib */; };
		0CA0B7381E38A8060066D0EA /* searchCareGiverOnMapVC.xib in Resources */ = {isa = PBXBuildFile; fileRef = 0CA0B7371E38A8060066D0EA /* searchCareGiverOnMapVC.xib */; };
		0CA0B73A1E38A8630066D0EA /* CareGiverDetailVC.swift in Sources */ = {isa = PBXBuildFile; fileRef = 0CA0B7391E38A8630066D0EA /* CareGiverDetailVC.swift */; };
		0CA0B73C1E38A8780066D0EA /* CreateProfileSecond.swift in Sources */ = {isa = PBXBuildFile; fileRef = 0CA0B73B1E38A8780066D0EA /* CreateProfileSecond.swift */; };
		0CA0B73E1E38A8950066D0EA /* searchCareGiverOnMapVC.swift in Sources */ = {isa = PBXBuildFile; fileRef = 0CA0B73D1E38A8950066D0EA /* searchCareGiverOnMapVC.swift */; };
		0CA0B7421E38AECB0066D0EA /* FriendsBookedVC.xib in Resources */ = {isa = PBXBuildFile; fileRef = 0CA0B7401E38AECB0066D0EA /* FriendsBookedVC.xib */; };
		0CA0B7441E38AEE70066D0EA /* FriendsBookedVC.swift in Sources */ = {isa = PBXBuildFile; fileRef = 0CA0B7431E38AEE70066D0EA /* FriendsBookedVC.swift */; };
		0CA0B7461E38B3CF0066D0EA /* CreateProfileSecond.xib in Resources */ = {isa = PBXBuildFile; fileRef = 0CA0B7451E38B3CF0066D0EA /* CreateProfileSecond.xib */; };
		0CA0B7491E38B9D60066D0EA /* FriendBookedCell.swift in Sources */ = {isa = PBXBuildFile; fileRef = 0CA0B7471E38B9D60066D0EA /* FriendBookedCell.swift */; };
		0CA0B74C1E38B9F10066D0EA /* FriendBookedCell.xib in Resources */ = {isa = PBXBuildFile; fileRef = 0CA0B74B1E38B9F10066D0EA /* FriendBookedCell.xib */; };
		0CA0B74E1E38BA8E0066D0EA /* facebook.png in Resources */ = {isa = PBXBuildFile; fileRef = 0CA0B74D1E38BA8E0066D0EA /* facebook.png */; };
		0CA0B7501E38BA950066D0EA /* google-plus.png in Resources */ = {isa = PBXBuildFile; fileRef = 0CA0B74F1E38BA950066D0EA /* google-plus.png */; };
		0CAC45D81E37219800C79AFA /* GoogleSignIn.framework in Frameworks */ = {isa = PBXBuildFile; fileRef = 0CAC45D71E37219800C79AFA /* GoogleSignIn.framework */; };
		0CAC45DA1E3721FA00C79AFA /* GoogleSignIn.bundle in Resources */ = {isa = PBXBuildFile; fileRef = 0CAC45D91E3721FA00C79AFA /* GoogleSignIn.bundle */; };
		0CAC45DC1E3724F600C79AFA /* AddressBook.framework in Frameworks */ = {isa = PBXBuildFile; fileRef = 0CAC45DB1E3724F600C79AFA /* AddressBook.framework */; };
		0CAC45DE1E37250900C79AFA /* AssetsLibrary.framework in Frameworks */ = {isa = PBXBuildFile; fileRef = 0CAC45DD1E37250900C79AFA /* AssetsLibrary.framework */; };
		0CAC45E01E37252000C79AFA /* CoreMotion.framework in Frameworks */ = {isa = PBXBuildFile; fileRef = 0CAC45DF1E37252000C79AFA /* CoreMotion.framework */; };
		0CAC45E21E37253C00C79AFA /* MediaPlayer.framework in Frameworks */ = {isa = PBXBuildFile; fileRef = 0CAC45E11E37253C00C79AFA /* MediaPlayer.framework */; };
		0CAC45E41E37254300C79AFA /* Security.framework in Frameworks */ = {isa = PBXBuildFile; fileRef = 0CAC45E31E37254300C79AFA /* Security.framework */; };
		0CAC45E61E372E8100C79AFA /* ManagePaymentCardMethodVC.swift in Sources */ = {isa = PBXBuildFile; fileRef = 0CAC45E51E372E8100C79AFA /* ManagePaymentCardMethodVC.swift */; };
		0CAC45E81E372E9F00C79AFA /* ManagePaymentCardMethodVC.xib in Resources */ = {isa = PBXBuildFile; fileRef = 0CAC45E71E372E9F00C79AFA /* ManagePaymentCardMethodVC.xib */; };
		0CAC45EA1E372EDA00C79AFA /* PaymentCardDetailVC.xib in Resources */ = {isa = PBXBuildFile; fileRef = 0CAC45E91E372EDA00C79AFA /* PaymentCardDetailVC.xib */; };
		0CAC45EC1E372EFC00C79AFA /* PaymentCardDetailVC.swift in Sources */ = {isa = PBXBuildFile; fileRef = 0CAC45EB1E372EFC00C79AFA /* PaymentCardDetailVC.swift */; };
		0CAC45EE1E372F3900C79AFA /* PaymentCardDetailCell.swift in Sources */ = {isa = PBXBuildFile; fileRef = 0CAC45ED1E372F3900C79AFA /* PaymentCardDetailCell.swift */; };
		0CAC45F01E372F5500C79AFA /* PaymentCardDetailCell.xib in Resources */ = {isa = PBXBuildFile; fileRef = 0CAC45EF1E372F5500C79AFA /* PaymentCardDetailCell.xib */; };
		0CBA41E51E2CAA9A0008C8E4 /* AppDelegate.swift in Sources */ = {isa = PBXBuildFile; fileRef = 0CBA41E41E2CAA9A0008C8E4 /* AppDelegate.swift */; };
		0CBA41EC1E2CAA9A0008C8E4 /* Assets.xcassets in Resources */ = {isa = PBXBuildFile; fileRef = 0CBA41EB1E2CAA9A0008C8E4 /* Assets.xcassets */; };
		0CBA41EF1E2CAA9A0008C8E4 /* LaunchScreen.storyboard in Resources */ = {isa = PBXBuildFile; fileRef = 0CBA41ED1E2CAA9A0008C8E4 /* LaunchScreen.storyboard */; };
		0CBA41FA1E2CAA9A0008C8E4 /* AssistCareTests.swift in Sources */ = {isa = PBXBuildFile; fileRef = 0CBA41F91E2CAA9A0008C8E4 /* AssistCareTests.swift */; };
		0CBA42051E2CAA9A0008C8E4 /* AssistCareUITests.swift in Sources */ = {isa = PBXBuildFile; fileRef = 0CBA42041E2CAA9A0008C8E4 /* AssistCareUITests.swift */; };
		24194F341E31E1B100982135 /* CreateProfileFirst.swift in Sources */ = {isa = PBXBuildFile; fileRef = 24194F321E31E1B100982135 /* CreateProfileFirst.swift */; };
		24194F351E31E1B100982135 /* TabBarVC.swift in Sources */ = {isa = PBXBuildFile; fileRef = 24194F331E31E1B100982135 /* TabBarVC.swift */; };
		24194F371E31E1BD00982135 /* MapAnnotation.swift in Sources */ = {isa = PBXBuildFile; fileRef = 24194F361E31E1BD00982135 /* MapAnnotation.swift */; };
		24194F391E31E1CD00982135 /* CreateProfileFirst.xib in Resources */ = {isa = PBXBuildFile; fileRef = 24194F381E31E1CD00982135 /* CreateProfileFirst.xib */; };
		243130B91E2F98B9006F24D4 /* NewAppoinmentVC.xib in Resources */ = {isa = PBXBuildFile; fileRef = 243130B81E2F98B9006F24D4 /* NewAppoinmentVC.xib */; };
		243130BB1E2F98DA006F24D4 /* NewAppoinmentVC.swift in Sources */ = {isa = PBXBuildFile; fileRef = 243130BA1E2F98DA006F24D4 /* NewAppoinmentVC.swift */; };
		243705E11E2F49C100005416 /* CareServicesCell.swift in Sources */ = {isa = PBXBuildFile; fileRef = 243705C41E2F49C100005416 /* CareServicesCell.swift */; };
		243705E31E2F49C100005416 /* CategoryVC.swift in Sources */ = {isa = PBXBuildFile; fileRef = 243705C71E2F49C100005416 /* CategoryVC.swift */; };
		243705E41E2F49C100005416 /* EditProfile.swift in Sources */ = {isa = PBXBuildFile; fileRef = 243705C81E2F49C100005416 /* EditProfile.swift */; };
		243705E51E2F49C100005416 /* MedicationVC.swift in Sources */ = {isa = PBXBuildFile; fileRef = 243705C91E2F49C100005416 /* MedicationVC.swift */; };
		243705E61E2F49C100005416 /* SetupServicesVC.swift in Sources */ = {isa = PBXBuildFile; fileRef = 243705CA1E2F49C100005416 /* SetupServicesVC.swift */; };
		243705E71E2F49C100005416 /* SignUpVC.swift in Sources */ = {isa = PBXBuildFile; fileRef = 243705CB1E2F49C100005416 /* SignUpVC.swift */; };
		243705E81E2F49C100005416 /* VerificationLoadingVC.swift in Sources */ = {isa = PBXBuildFile; fileRef = 243705CC1E2F49C100005416 /* VerificationLoadingVC.swift */; };
		243705E91E2F49C100005416 /* VerificationVC.swift in Sources */ = {isa = PBXBuildFile; fileRef = 243705CD1E2F49C100005416 /* VerificationVC.swift */; };
		243705EA1E2F49C100005416 /* AppDesign.swift in Sources */ = {isa = PBXBuildFile; fileRef = 243705CF1E2F49C100005416 /* AppDesign.swift */; };
		243705EB1E2F49C100005416 /* Constant.swift in Sources */ = {isa = PBXBuildFile; fileRef = 243705D01E2F49C100005416 /* Constant.swift */; };
		243705EC1E2F49C100005416 /* Extension.swift in Sources */ = {isa = PBXBuildFile; fileRef = 243705D11E2F49C100005416 /* Extension.swift */; };
		243705ED1E2F49C100005416 /* CategoryVC.xib in Resources */ = {isa = PBXBuildFile; fileRef = 243705D41E2F49C100005416 /* CategoryVC.xib */; };
		243705EE1E2F49C100005416 /* CareServicesCell.xib in Resources */ = {isa = PBXBuildFile; fileRef = 243705D61E2F49C100005416 /* CareServicesCell.xib */; };
		243705EF1E2F49C100005416 /* cellMedication.xib in Resources */ = {isa = PBXBuildFile; fileRef = 243705D71E2F49C100005416 /* cellMedication.xib */; };
		243705F01E2F49C100005416 /* EditProfile.xib in Resources */ = {isa = PBXBuildFile; fileRef = 243705D81E2F49C100005416 /* EditProfile.xib */; };
		243705F11E2F49C100005416 /* MedicationVC.xib in Resources */ = {isa = PBXBuildFile; fileRef = 243705D91E2F49C100005416 /* MedicationVC.xib */; };
		243705F21E2F49C100005416 /* SetupServicesVC.xib in Resources */ = {isa = PBXBuildFile; fileRef = 243705DA1E2F49C100005416 /* SetupServicesVC.xib */; };
		243705F31E2F49C100005416 /* SignUpVC.xib in Resources */ = {isa = PBXBuildFile; fileRef = 243705DB1E2F49C100005416 /* SignUpVC.xib */; };
		243705F41E2F49C100005416 /* VerificationLoadingVC.xib in Resources */ = {isa = PBXBuildFile; fileRef = 243705DC1E2F49C100005416 /* VerificationLoadingVC.xib */; };
		243705F51E2F49C100005416 /* VerificationVC.xib in Resources */ = {isa = PBXBuildFile; fileRef = 243705DD1E2F49C100005416 /* VerificationVC.xib */; };
		24562AAC1E309608000814C6 /* AppointmentVC.swift in Sources */ = {isa = PBXBuildFile; fileRef = 24562AA91E309608000814C6 /* AppointmentVC.swift */; };
		24562AAD1E309608000814C6 /* PaymentDetailsVc.swift in Sources */ = {isa = PBXBuildFile; fileRef = 24562AAA1E309608000814C6 /* PaymentDetailsVc.swift */; };
		24562AAE1E309608000814C6 /* ThanksVc.swift in Sources */ = {isa = PBXBuildFile; fileRef = 24562AAB1E309608000814C6 /* ThanksVc.swift */; };
		24562AB21E30963B000814C6 /* AppointmentVC.xib in Resources */ = {isa = PBXBuildFile; fileRef = 24562AAF1E30963B000814C6 /* AppointmentVC.xib */; };
		24562AB31E30963B000814C6 /* PaymentDetailsVc.xib in Resources */ = {isa = PBXBuildFile; fileRef = 24562AB01E30963B000814C6 /* PaymentDetailsVc.xib */; };
		24562AB41E30963B000814C6 /* ThanksVc.xib in Resources */ = {isa = PBXBuildFile; fileRef = 24562AB11E30963B000814C6 /* ThanksVc.xib */; };
		24562AB81E3096C4000814C6 /* cellMedication.swift in Sources */ = {isa = PBXBuildFile; fileRef = 24562AB71E3096C4000814C6 /* cellMedication.swift */; };
		24562ACA1E30C5F6000814C6 /* AppoinmentHeaderCell.xib in Resources */ = {isa = PBXBuildFile; fileRef = 24562AC91E30C5F6000814C6 /* AppoinmentHeaderCell.xib */; };
		24562ACD1E30D07D000814C6 /* Accelerate.framework in Frameworks */ = {isa = PBXBuildFile; fileRef = 24562ACC1E30D07D000814C6 /* Accelerate.framework */; };
		24562ACF1E30D0A0000814C6 /* SystemConfiguration.framework in Frameworks */ = {isa = PBXBuildFile; fileRef = 24562ACE1E30D0A0000814C6 /* SystemConfiguration.framework */; };
		24562AD11E30D0B5000814C6 /* QuartzCore.framework in Frameworks */ = {isa = PBXBuildFile; fileRef = 24562AD01E30D0B5000814C6 /* QuartzCore.framework */; };
		24562AD31E30D0BF000814C6 /* OpenGLES.framework in Frameworks */ = {isa = PBXBuildFile; fileRef = 24562AD21E30D0BF000814C6 /* OpenGLES.framework */; };
		24562AD51E30D0D3000814C6 /* ImageIO.framework in Frameworks */ = {isa = PBXBuildFile; fileRef = 24562AD41E30D0D3000814C6 /* ImageIO.framework */; };
		24562AD71E30D0DA000814C6 /* GLKit.framework in Frameworks */ = {isa = PBXBuildFile; fileRef = 24562AD61E30D0DA000814C6 /* GLKit.framework */; };
		24562AD91E30D0E2000814C6 /* CoreText.framework in Frameworks */ = {isa = PBXBuildFile; fileRef = 24562AD81E30D0E2000814C6 /* CoreText.framework */; };
		24562ADB1E30D0EA000814C6 /* CoreData.framework in Frameworks */ = {isa = PBXBuildFile; fileRef = 24562ADA1E30D0EA000814C6 /* CoreData.framework */; };
		24562ADD1E30D0F2000814C6 /* MapKit.framework in Frameworks */ = {isa = PBXBuildFile; fileRef = 24562ADC1E30D0F2000814C6 /* MapKit.framework */; };
		24562ADF1E30D0F9000814C6 /* UIKit.framework in Frameworks */ = {isa = PBXBuildFile; fileRef = 24562ADE1E30D0F9000814C6 /* UIKit.framework */; };
		24562AE11E30D103000814C6 /* Foundation.framework in Frameworks */ = {isa = PBXBuildFile; fileRef = 24562AE01E30D103000814C6 /* Foundation.framework */; };
		24562AE31E30D10B000814C6 /* CoreLocation.framework in Frameworks */ = {isa = PBXBuildFile; fileRef = 24562AE21E30D10B000814C6 /* CoreLocation.framework */; };
		24562AE51E30D111000814C6 /* CoreGraphics.framework in Frameworks */ = {isa = PBXBuildFile; fileRef = 24562AE41E30D111000814C6 /* CoreGraphics.framework */; };
		24562AE71E30D128000814C6 /* libc++.tbd in Frameworks */ = {isa = PBXBuildFile; fileRef = 24562AE61E30D128000814C6 /* libc++.tbd */; };
		24562AE91E30D132000814C6 /* libz.tbd in Frameworks */ = {isa = PBXBuildFile; fileRef = 24562AE81E30D132000814C6 /* libz.tbd */; };
		24562B061E30D7E8000814C6 /* GooglePlacePicker.bundle in Resources */ = {isa = PBXBuildFile; fileRef = 24562B051E30D7E8000814C6 /* GooglePlacePicker.bundle */; };
		30AA538A1E3B65200009640C /* DisplayReviewVC.swift in Sources */ = {isa = PBXBuildFile; fileRef = 30AA53891E3B65200009640C /* DisplayReviewVC.swift */; };
		30AA538C1E3B65480009640C /* DisplayReviewVC.xib in Resources */ = {isa = PBXBuildFile; fileRef = 30AA538B1E3B65480009640C /* DisplayReviewVC.xib */; };
		30AA538E1E3B6BBA0009640C /* tabCell.swift in Sources */ = {isa = PBXBuildFile; fileRef = 30AA538D1E3B6BBA0009640C /* tabCell.swift */; };
		30AA53901E3B6BD50009640C /* tabCell.xib in Resources */ = {isa = PBXBuildFile; fileRef = 30AA538F1E3B6BD50009640C /* tabCell.xib */; };
		30AA53971E3B71980009640C /* ReviewCell.swift in Sources */ = {isa = PBXBuildFile; fileRef = 30AA53951E3B71980009640C /* ReviewCell.swift */; };
		30AA53981E3B71980009640C /* ReviewCell.xib in Resources */ = {isa = PBXBuildFile; fileRef = 30AA53961E3B71980009640C /* ReviewCell.xib */; };
/* End PBXBuildFile section */

/* Begin PBXContainerItemProxy section */
		0CBA41F61E2CAA9A0008C8E4 /* PBXContainerItemProxy */ = {
			isa = PBXContainerItemProxy;
			containerPortal = 0CBA41D91E2CAA9A0008C8E4 /* Project object */;
			proxyType = 1;
			remoteGlobalIDString = 0CBA41E01E2CAA9A0008C8E4;
			remoteInfo = AssistCare;
		};
		0CBA42011E2CAA9A0008C8E4 /* PBXContainerItemProxy */ = {
			isa = PBXContainerItemProxy;
			containerPortal = 0CBA41D91E2CAA9A0008C8E4 /* Project object */;
			proxyType = 1;
			remoteGlobalIDString = 0CBA41E01E2CAA9A0008C8E4;
			remoteInfo = AssistCare;
		};
/* End PBXContainerItemProxy section */

/* Begin PBXFileReference section */
		0C19A2AF1E3731B30014B01C /* add_button.png */ = {isa = PBXFileReference; lastKnownFileType = image.png; name = add_button.png; path = AppImages/add_button.png; sourceTree = "<group>"; };
		0C19A2B01E3731B30014B01C /* bell.png */ = {isa = PBXFileReference; lastKnownFileType = image.png; name = bell.png; path = AppImages/bell.png; sourceTree = "<group>"; };
		0C19A2B11E3731B30014B01C /* camera.png */ = {isa = PBXFileReference; lastKnownFileType = image.png; name = camera.png; path = AppImages/camera.png; sourceTree = "<group>"; };
		0C19A2B21E3731B30014B01C /* back_nav.png */ = {isa = PBXFileReference; lastKnownFileType = image.png; name = back_nav.png; path = AppImages/back_nav.png; sourceTree = "<group>"; };
		0C19A2B31E3731B30014B01C /* Home-50.png */ = {isa = PBXFileReference; lastKnownFileType = image.png; name = "Home-50.png"; path = "AppImages/Home-50.png"; sourceTree = "<group>"; };
		0C19A2B41E3731B30014B01C /* noimg.png */ = {isa = PBXFileReference; lastKnownFileType = image.png; name = noimg.png; path = AppImages/noimg.png; sourceTree = "<group>"; };
		0C19A2B51E3731B30014B01C /* rightmark.png */ = {isa = PBXFileReference; lastKnownFileType = image.png; name = rightmark.png; path = AppImages/rightmark.png; sourceTree = "<group>"; };
		0C19A2B61E3731B30014B01C /* visa.png */ = {isa = PBXFileReference; lastKnownFileType = image.png; name = visa.png; path = AppImages/visa.png; sourceTree = "<group>"; };
		0C19A2BF1E3731EF0014B01C /* FSCalendar.h */ = {isa = PBXFileReference; fileEncoding = 4; lastKnownFileType = sourcecode.c.h; name = FSCalendar.h; path = FSCalendar/FSCalendar.h; sourceTree = "<group>"; };
		0C19A2C01E3731EF0014B01C /* FSCalendar.m */ = {isa = PBXFileReference; fileEncoding = 4; lastKnownFileType = sourcecode.c.objc; name = FSCalendar.m; path = FSCalendar/FSCalendar.m; sourceTree = "<group>"; };
		0C19A2C11E3731EF0014B01C /* FSCalendar+Deprecated.m */ = {isa = PBXFileReference; fileEncoding = 4; lastKnownFileType = sourcecode.c.objc; name = "FSCalendar+Deprecated.m"; path = "FSCalendar/FSCalendar+Deprecated.m"; sourceTree = "<group>"; };
		0C19A2C21E3731EF0014B01C /* FSCalendarAppearance.h */ = {isa = PBXFileReference; fileEncoding = 4; lastKnownFileType = sourcecode.c.h; name = FSCalendarAppearance.h; path = FSCalendar/FSCalendarAppearance.h; sourceTree = "<group>"; };
		0C19A2C31E3731EF0014B01C /* FSCalendarAppearance.m */ = {isa = PBXFileReference; fileEncoding = 4; lastKnownFileType = sourcecode.c.objc; name = FSCalendarAppearance.m; path = FSCalendar/FSCalendarAppearance.m; sourceTree = "<group>"; };
		0C19A2C41E3731EF0014B01C /* FSCalendarCalculator.h */ = {isa = PBXFileReference; fileEncoding = 4; lastKnownFileType = sourcecode.c.h; name = FSCalendarCalculator.h; path = FSCalendar/FSCalendarCalculator.h; sourceTree = "<group>"; };
		0C19A2C51E3731EF0014B01C /* FSCalendarCalculator.m */ = {isa = PBXFileReference; fileEncoding = 4; lastKnownFileType = sourcecode.c.objc; name = FSCalendarCalculator.m; path = FSCalendar/FSCalendarCalculator.m; sourceTree = "<group>"; };
		0C19A2C61E3731EF0014B01C /* FSCalendarCell.h */ = {isa = PBXFileReference; fileEncoding = 4; lastKnownFileType = sourcecode.c.h; name = FSCalendarCell.h; path = FSCalendar/FSCalendarCell.h; sourceTree = "<group>"; };
		0C19A2C71E3731EF0014B01C /* FSCalendarCell.m */ = {isa = PBXFileReference; fileEncoding = 4; lastKnownFileType = sourcecode.c.objc; name = FSCalendarCell.m; path = FSCalendar/FSCalendarCell.m; sourceTree = "<group>"; };
		0C19A2C81E3731EF0014B01C /* FSCalendarCollectionView.h */ = {isa = PBXFileReference; fileEncoding = 4; lastKnownFileType = sourcecode.c.h; name = FSCalendarCollectionView.h; path = FSCalendar/FSCalendarCollectionView.h; sourceTree = "<group>"; };
		0C19A2C91E3731EF0014B01C /* FSCalendarCollectionView.m */ = {isa = PBXFileReference; fileEncoding = 4; lastKnownFileType = sourcecode.c.objc; name = FSCalendarCollectionView.m; path = FSCalendar/FSCalendarCollectionView.m; sourceTree = "<group>"; };
		0C19A2CA1E3731EF0014B01C /* FSCalendarCollectionViewLayout.h */ = {isa = PBXFileReference; fileEncoding = 4; lastKnownFileType = sourcecode.c.h; name = FSCalendarCollectionViewLayout.h; path = FSCalendar/FSCalendarCollectionViewLayout.h; sourceTree = "<group>"; };
		0C19A2CB1E3731EF0014B01C /* FSCalendarCollectionViewLayout.m */ = {isa = PBXFileReference; fileEncoding = 4; lastKnownFileType = sourcecode.c.objc; name = FSCalendarCollectionViewLayout.m; path = FSCalendar/FSCalendarCollectionViewLayout.m; sourceTree = "<group>"; };
		0C19A2CC1E3731EF0014B01C /* FSCalendarConstants.h */ = {isa = PBXFileReference; fileEncoding = 4; lastKnownFileType = sourcecode.c.h; name = FSCalendarConstants.h; path = FSCalendar/FSCalendarConstants.h; sourceTree = "<group>"; };
		0C19A2CD1E3731EF0014B01C /* FSCalendarConstants.m */ = {isa = PBXFileReference; fileEncoding = 4; lastKnownFileType = sourcecode.c.objc; name = FSCalendarConstants.m; path = FSCalendar/FSCalendarConstants.m; sourceTree = "<group>"; };
		0C19A2CE1E3731EF0014B01C /* FSCalendarDelegationFactory.h */ = {isa = PBXFileReference; fileEncoding = 4; lastKnownFileType = sourcecode.c.h; name = FSCalendarDelegationFactory.h; path = FSCalendar/FSCalendarDelegationFactory.h; sourceTree = "<group>"; };
		0C19A2CF1E3731EF0014B01C /* FSCalendarDelegationFactory.m */ = {isa = PBXFileReference; fileEncoding = 4; lastKnownFileType = sourcecode.c.objc; name = FSCalendarDelegationFactory.m; path = FSCalendar/FSCalendarDelegationFactory.m; sourceTree = "<group>"; };
		0C19A2D01E3731EF0014B01C /* FSCalendarDelegationProxy.h */ = {isa = PBXFileReference; fileEncoding = 4; lastKnownFileType = sourcecode.c.h; name = FSCalendarDelegationProxy.h; path = FSCalendar/FSCalendarDelegationProxy.h; sourceTree = "<group>"; };
		0C19A2D11E3731EF0014B01C /* FSCalendarDelegationProxy.m */ = {isa = PBXFileReference; fileEncoding = 4; lastKnownFileType = sourcecode.c.objc; name = FSCalendarDelegationProxy.m; path = FSCalendar/FSCalendarDelegationProxy.m; sourceTree = "<group>"; };
		0C19A2D21E3731EF0014B01C /* FSCalendarDynamicHeader.h */ = {isa = PBXFileReference; fileEncoding = 4; lastKnownFileType = sourcecode.c.h; name = FSCalendarDynamicHeader.h; path = FSCalendar/FSCalendarDynamicHeader.h; sourceTree = "<group>"; };
		0C19A2D31E3731EF0014B01C /* FSCalendarExtensions.h */ = {isa = PBXFileReference; fileEncoding = 4; lastKnownFileType = sourcecode.c.h; name = FSCalendarExtensions.h; path = FSCalendar/FSCalendarExtensions.h; sourceTree = "<group>"; };
		0C19A2D41E3731EF0014B01C /* FSCalendarExtensions.m */ = {isa = PBXFileReference; fileEncoding = 4; lastKnownFileType = sourcecode.c.objc; name = FSCalendarExtensions.m; path = FSCalendar/FSCalendarExtensions.m; sourceTree = "<group>"; };
		0C19A2D51E3731EF0014B01C /* FSCalendarHeaderView.h */ = {isa = PBXFileReference; fileEncoding = 4; lastKnownFileType = sourcecode.c.h; name = FSCalendarHeaderView.h; path = FSCalendar/FSCalendarHeaderView.h; sourceTree = "<group>"; };
		0C19A2D61E3731EF0014B01C /* FSCalendarHeaderView.m */ = {isa = PBXFileReference; fileEncoding = 4; lastKnownFileType = sourcecode.c.objc; name = FSCalendarHeaderView.m; path = FSCalendar/FSCalendarHeaderView.m; sourceTree = "<group>"; };
		0C19A2D71E3731EF0014B01C /* FSCalendarScopeHandle.h */ = {isa = PBXFileReference; fileEncoding = 4; lastKnownFileType = sourcecode.c.h; name = FSCalendarScopeHandle.h; path = FSCalendar/FSCalendarScopeHandle.h; sourceTree = "<group>"; };
		0C19A2D81E3731EF0014B01C /* FSCalendarScopeHandle.m */ = {isa = PBXFileReference; fileEncoding = 4; lastKnownFileType = sourcecode.c.objc; name = FSCalendarScopeHandle.m; path = FSCalendar/FSCalendarScopeHandle.m; sourceTree = "<group>"; };
		0C19A2D91E3731EF0014B01C /* FSCalendarStickyHeader.h */ = {isa = PBXFileReference; fileEncoding = 4; lastKnownFileType = sourcecode.c.h; name = FSCalendarStickyHeader.h; path = FSCalendar/FSCalendarStickyHeader.h; sourceTree = "<group>"; };
		0C19A2DA1E3731EF0014B01C /* FSCalendarStickyHeader.m */ = {isa = PBXFileReference; fileEncoding = 4; lastKnownFileType = sourcecode.c.objc; name = FSCalendarStickyHeader.m; path = FSCalendar/FSCalendarStickyHeader.m; sourceTree = "<group>"; };
		0C19A2DB1E3731EF0014B01C /* FSCalendarTransitionCoordinator.h */ = {isa = PBXFileReference; fileEncoding = 4; lastKnownFileType = sourcecode.c.h; name = FSCalendarTransitionCoordinator.h; path = FSCalendar/FSCalendarTransitionCoordinator.h; sourceTree = "<group>"; };
		0C19A2DC1E3731EF0014B01C /* FSCalendarTransitionCoordinator.m */ = {isa = PBXFileReference; fileEncoding = 4; lastKnownFileType = sourcecode.c.objc; name = FSCalendarTransitionCoordinator.m; path = FSCalendar/FSCalendarTransitionCoordinator.m; sourceTree = "<group>"; };
		0C19A2DD1E3731EF0014B01C /* FSCalendarWeekdayView.h */ = {isa = PBXFileReference; fileEncoding = 4; lastKnownFileType = sourcecode.c.h; name = FSCalendarWeekdayView.h; path = FSCalendar/FSCalendarWeekdayView.h; sourceTree = "<group>"; };
		0C19A2DE1E3731EF0014B01C /* FSCalendarWeekdayView.m */ = {isa = PBXFileReference; fileEncoding = 4; lastKnownFileType = sourcecode.c.objc; name = FSCalendarWeekdayView.m; path = FSCalendar/FSCalendarWeekdayView.m; sourceTree = "<group>"; };
		0C91A8961E31F51E0000955E /* AppoinmentHeaderCell.swift */ = {isa = PBXFileReference; fileEncoding = 4; lastKnownFileType = sourcecode.swift; path = AppoinmentHeaderCell.swift; sourceTree = "<group>"; };
		0C91A8981E320B580000955E /* ReferealVC.xib */ = {isa = PBXFileReference; fileEncoding = 4; lastKnownFileType = file.xib; path = ReferealVC.xib; sourceTree = "<group>"; };
		0C91A89A1E320BFC0000955E /* ReferealVC.swift */ = {isa = PBXFileReference; fileEncoding = 4; lastKnownFileType = sourcecode.swift; path = ReferealVC.swift; sourceTree = "<group>"; };
		0C91A8A51E3230530000955E /* PersonHistoryCell.xib */ = {isa = PBXFileReference; fileEncoding = 4; lastKnownFileType = file.xib; path = PersonHistoryCell.xib; sourceTree = "<group>"; };
		0C91A8A81E32306D0000955E /* PersonHistoryCell.swift */ = {isa = PBXFileReference; fileEncoding = 4; lastKnownFileType = sourcecode.swift; path = PersonHistoryCell.swift; sourceTree = "<group>"; };
		0CA0B7331E38A7DD0066D0EA /* CareGiverDetailVC.xib */ = {isa = PBXFileReference; fileEncoding = 4; lastKnownFileType = file.xib; path = CareGiverDetailVC.xib; sourceTree = "<group>"; };
		0CA0B7371E38A8060066D0EA /* searchCareGiverOnMapVC.xib */ = {isa = PBXFileReference; fileEncoding = 4; lastKnownFileType = file.xib; path = searchCareGiverOnMapVC.xib; sourceTree = "<group>"; };
		0CA0B7391E38A8630066D0EA /* CareGiverDetailVC.swift */ = {isa = PBXFileReference; fileEncoding = 4; lastKnownFileType = sourcecode.swift; path = CareGiverDetailVC.swift; sourceTree = "<group>"; };
		0CA0B73B1E38A8780066D0EA /* CreateProfileSecond.swift */ = {isa = PBXFileReference; fileEncoding = 4; lastKnownFileType = sourcecode.swift; path = CreateProfileSecond.swift; sourceTree = "<group>"; };
		0CA0B73D1E38A8950066D0EA /* searchCareGiverOnMapVC.swift */ = {isa = PBXFileReference; fileEncoding = 4; lastKnownFileType = sourcecode.swift; path = searchCareGiverOnMapVC.swift; sourceTree = "<group>"; };
		0CA0B7401E38AECB0066D0EA /* FriendsBookedVC.xib */ = {isa = PBXFileReference; fileEncoding = 4; lastKnownFileType = file.xib; path = FriendsBookedVC.xib; sourceTree = "<group>"; };
		0CA0B7431E38AEE70066D0EA /* FriendsBookedVC.swift */ = {isa = PBXFileReference; fileEncoding = 4; lastKnownFileType = sourcecode.swift; path = FriendsBookedVC.swift; sourceTree = "<group>"; };
		0CA0B7451E38B3CF0066D0EA /* CreateProfileSecond.xib */ = {isa = PBXFileReference; fileEncoding = 4; lastKnownFileType = file.xib; path = CreateProfileSecond.xib; sourceTree = "<group>"; };
		0CA0B7471E38B9D60066D0EA /* FriendBookedCell.swift */ = {isa = PBXFileReference; fileEncoding = 4; lastKnownFileType = sourcecode.swift; path = FriendBookedCell.swift; sourceTree = "<group>"; };
		0CA0B74B1E38B9F10066D0EA /* FriendBookedCell.xib */ = {isa = PBXFileReference; fileEncoding = 4; lastKnownFileType = file.xib; path = FriendBookedCell.xib; sourceTree = "<group>"; };
		0CA0B74D1E38BA8E0066D0EA /* facebook.png */ = {isa = PBXFileReference; lastKnownFileType = image.png; path = facebook.png; sourceTree = "<group>"; };
		0CA0B74F1E38BA950066D0EA /* google-plus.png */ = {isa = PBXFileReference; lastKnownFileType = image.png; path = "google-plus.png"; sourceTree = "<group>"; };
		0CAC45D41E37214700C79AFA /* AssistCare-Bridging-Header.h */ = {isa = PBXFileReference; fileEncoding = 4; lastKnownFileType = sourcecode.c.h; path = "AssistCare-Bridging-Header.h"; sourceTree = "<group>"; };
		0CAC45D71E37219800C79AFA /* GoogleSignIn.framework */ = {isa = PBXFileReference; lastKnownFileType = wrapper.framework; path = GoogleSignIn.framework; sourceTree = "<group>"; };
		0CAC45D91E3721FA00C79AFA /* GoogleSignIn.bundle */ = {isa = PBXFileReference; lastKnownFileType = "wrapper.plug-in"; path = GoogleSignIn.bundle; sourceTree = "<group>"; };
		0CAC45DB1E3724F600C79AFA /* AddressBook.framework */ = {isa = PBXFileReference; lastKnownFileType = wrapper.framework; name = AddressBook.framework; path = System/Library/Frameworks/AddressBook.framework; sourceTree = SDKROOT; };
		0CAC45DD1E37250900C79AFA /* AssetsLibrary.framework */ = {isa = PBXFileReference; lastKnownFileType = wrapper.framework; name = AssetsLibrary.framework; path = System/Library/Frameworks/AssetsLibrary.framework; sourceTree = SDKROOT; };
		0CAC45DF1E37252000C79AFA /* CoreMotion.framework */ = {isa = PBXFileReference; lastKnownFileType = wrapper.framework; name = CoreMotion.framework; path = System/Library/Frameworks/CoreMotion.framework; sourceTree = SDKROOT; };
		0CAC45E11E37253C00C79AFA /* MediaPlayer.framework */ = {isa = PBXFileReference; lastKnownFileType = wrapper.framework; name = MediaPlayer.framework; path = System/Library/Frameworks/MediaPlayer.framework; sourceTree = SDKROOT; };
		0CAC45E31E37254300C79AFA /* Security.framework */ = {isa = PBXFileReference; lastKnownFileType = wrapper.framework; name = Security.framework; path = System/Library/Frameworks/Security.framework; sourceTree = SDKROOT; };
		0CAC45E51E372E8100C79AFA /* ManagePaymentCardMethodVC.swift */ = {isa = PBXFileReference; fileEncoding = 4; lastKnownFileType = sourcecode.swift; path = ManagePaymentCardMethodVC.swift; sourceTree = "<group>"; };
		0CAC45E71E372E9F00C79AFA /* ManagePaymentCardMethodVC.xib */ = {isa = PBXFileReference; fileEncoding = 4; lastKnownFileType = file.xib; path = ManagePaymentCardMethodVC.xib; sourceTree = "<group>"; };
		0CAC45E91E372EDA00C79AFA /* PaymentCardDetailVC.xib */ = {isa = PBXFileReference; fileEncoding = 4; lastKnownFileType = file.xib; path = PaymentCardDetailVC.xib; sourceTree = "<group>"; };
		0CAC45EB1E372EFC00C79AFA /* PaymentCardDetailVC.swift */ = {isa = PBXFileReference; fileEncoding = 4; lastKnownFileType = sourcecode.swift; path = PaymentCardDetailVC.swift; sourceTree = "<group>"; };
		0CAC45ED1E372F3900C79AFA /* PaymentCardDetailCell.swift */ = {isa = PBXFileReference; fileEncoding = 4; lastKnownFileType = sourcecode.swift; path = PaymentCardDetailCell.swift; sourceTree = "<group>"; };
		0CAC45EF1E372F5500C79AFA /* PaymentCardDetailCell.xib */ = {isa = PBXFileReference; fileEncoding = 4; lastKnownFileType = file.xib; path = PaymentCardDetailCell.xib; sourceTree = "<group>"; };
		0CBA41E11E2CAA9A0008C8E4 /* AssistCare.app */ = {isa = PBXFileReference; explicitFileType = wrapper.application; includeInIndex = 0; path = AssistCare.app; sourceTree = BUILT_PRODUCTS_DIR; };
		0CBA41E41E2CAA9A0008C8E4 /* AppDelegate.swift */ = {isa = PBXFileReference; lastKnownFileType = sourcecode.swift; path = AppDelegate.swift; sourceTree = "<group>"; };
		0CBA41EB1E2CAA9A0008C8E4 /* Assets.xcassets */ = {isa = PBXFileReference; lastKnownFileType = folder.assetcatalog; path = Assets.xcassets; sourceTree = "<group>"; };
		0CBA41EE1E2CAA9A0008C8E4 /* Base */ = {isa = PBXFileReference; lastKnownFileType = file.storyboard; name = Base; path = Base.lproj/LaunchScreen.storyboard; sourceTree = "<group>"; };
		0CBA41F01E2CAA9A0008C8E4 /* Info.plist */ = {isa = PBXFileReference; lastKnownFileType = text.plist.xml; path = Info.plist; sourceTree = "<group>"; };
		0CBA41F51E2CAA9A0008C8E4 /* AssistCareTests.xctest */ = {isa = PBXFileReference; explicitFileType = wrapper.cfbundle; includeInIndex = 0; path = AssistCareTests.xctest; sourceTree = BUILT_PRODUCTS_DIR; };
		0CBA41F91E2CAA9A0008C8E4 /* AssistCareTests.swift */ = {isa = PBXFileReference; lastKnownFileType = sourcecode.swift; path = AssistCareTests.swift; sourceTree = "<group>"; };
		0CBA41FB1E2CAA9A0008C8E4 /* Info.plist */ = {isa = PBXFileReference; lastKnownFileType = text.plist.xml; path = Info.plist; sourceTree = "<group>"; };
		0CBA42001E2CAA9A0008C8E4 /* AssistCareUITests.xctest */ = {isa = PBXFileReference; explicitFileType = wrapper.cfbundle; includeInIndex = 0; path = AssistCareUITests.xctest; sourceTree = BUILT_PRODUCTS_DIR; };
		0CBA42041E2CAA9A0008C8E4 /* AssistCareUITests.swift */ = {isa = PBXFileReference; lastKnownFileType = sourcecode.swift; path = AssistCareUITests.swift; sourceTree = "<group>"; };
		0CBA42061E2CAA9A0008C8E4 /* Info.plist */ = {isa = PBXFileReference; lastKnownFileType = text.plist.xml; path = Info.plist; sourceTree = "<group>"; };
		24194F321E31E1B100982135 /* CreateProfileFirst.swift */ = {isa = PBXFileReference; fileEncoding = 4; lastKnownFileType = sourcecode.swift; path = CreateProfileFirst.swift; sourceTree = "<group>"; };
		24194F331E31E1B100982135 /* TabBarVC.swift */ = {isa = PBXFileReference; fileEncoding = 4; lastKnownFileType = sourcecode.swift; path = TabBarVC.swift; sourceTree = "<group>"; };
		24194F361E31E1BD00982135 /* MapAnnotation.swift */ = {isa = PBXFileReference; fileEncoding = 4; lastKnownFileType = sourcecode.swift; path = MapAnnotation.swift; sourceTree = "<group>"; };
		24194F381E31E1CD00982135 /* CreateProfileFirst.xib */ = {isa = PBXFileReference; fileEncoding = 4; lastKnownFileType = file.xib; path = CreateProfileFirst.xib; sourceTree = "<group>"; };
		243130B81E2F98B9006F24D4 /* NewAppoinmentVC.xib */ = {isa = PBXFileReference; fileEncoding = 4; lastKnownFileType = file.xib; path = NewAppoinmentVC.xib; sourceTree = "<group>"; };
		243130BA1E2F98DA006F24D4 /* NewAppoinmentVC.swift */ = {isa = PBXFileReference; fileEncoding = 4; lastKnownFileType = sourcecode.swift; path = NewAppoinmentVC.swift; sourceTree = "<group>"; };
		243705C41E2F49C100005416 /* CareServicesCell.swift */ = {isa = PBXFileReference; fileEncoding = 4; lastKnownFileType = sourcecode.swift; path = CareServicesCell.swift; sourceTree = "<group>"; };
		243705C71E2F49C100005416 /* CategoryVC.swift */ = {isa = PBXFileReference; fileEncoding = 4; lastKnownFileType = sourcecode.swift; path = CategoryVC.swift; sourceTree = "<group>"; };
		243705C81E2F49C100005416 /* EditProfile.swift */ = {isa = PBXFileReference; fileEncoding = 4; lastKnownFileType = sourcecode.swift; path = EditProfile.swift; sourceTree = "<group>"; };
		243705C91E2F49C100005416 /* MedicationVC.swift */ = {isa = PBXFileReference; fileEncoding = 4; lastKnownFileType = sourcecode.swift; path = MedicationVC.swift; sourceTree = "<group>"; };
		243705CA1E2F49C100005416 /* SetupServicesVC.swift */ = {isa = PBXFileReference; fileEncoding = 4; lastKnownFileType = sourcecode.swift; path = SetupServicesVC.swift; sourceTree = "<group>"; };
		243705CB1E2F49C100005416 /* SignUpVC.swift */ = {isa = PBXFileReference; fileEncoding = 4; lastKnownFileType = sourcecode.swift; path = SignUpVC.swift; sourceTree = "<group>"; };
		243705CC1E2F49C100005416 /* VerificationLoadingVC.swift */ = {isa = PBXFileReference; fileEncoding = 4; lastKnownFileType = sourcecode.swift; path = VerificationLoadingVC.swift; sourceTree = "<group>"; };
		243705CD1E2F49C100005416 /* VerificationVC.swift */ = {isa = PBXFileReference; fileEncoding = 4; lastKnownFileType = sourcecode.swift; path = VerificationVC.swift; sourceTree = "<group>"; };
		243705CF1E2F49C100005416 /* AppDesign.swift */ = {isa = PBXFileReference; fileEncoding = 4; lastKnownFileType = sourcecode.swift; path = AppDesign.swift; sourceTree = "<group>"; };
		243705D01E2F49C100005416 /* Constant.swift */ = {isa = PBXFileReference; fileEncoding = 4; lastKnownFileType = sourcecode.swift; path = Constant.swift; sourceTree = "<group>"; };
		243705D11E2F49C100005416 /* Extension.swift */ = {isa = PBXFileReference; fileEncoding = 4; lastKnownFileType = sourcecode.swift; path = Extension.swift; sourceTree = "<group>"; };
		243705D41E2F49C100005416 /* CategoryVC.xib */ = {isa = PBXFileReference; fileEncoding = 4; lastKnownFileType = file.xib; path = CategoryVC.xib; sourceTree = "<group>"; };
		243705D61E2F49C100005416 /* CareServicesCell.xib */ = {isa = PBXFileReference; fileEncoding = 4; lastKnownFileType = file.xib; path = CareServicesCell.xib; sourceTree = "<group>"; };
		243705D71E2F49C100005416 /* cellMedication.xib */ = {isa = PBXFileReference; fileEncoding = 4; lastKnownFileType = file.xib; path = cellMedication.xib; sourceTree = "<group>"; };
		243705D81E2F49C100005416 /* EditProfile.xib */ = {isa = PBXFileReference; fileEncoding = 4; lastKnownFileType = file.xib; path = EditProfile.xib; sourceTree = "<group>"; };
		243705D91E2F49C100005416 /* MedicationVC.xib */ = {isa = PBXFileReference; fileEncoding = 4; lastKnownFileType = file.xib; path = MedicationVC.xib; sourceTree = "<group>"; };
		243705DA1E2F49C100005416 /* SetupServicesVC.xib */ = {isa = PBXFileReference; fileEncoding = 4; lastKnownFileType = file.xib; path = SetupServicesVC.xib; sourceTree = "<group>"; };
		243705DB1E2F49C100005416 /* SignUpVC.xib */ = {isa = PBXFileReference; fileEncoding = 4; lastKnownFileType = file.xib; path = SignUpVC.xib; sourceTree = "<group>"; };
		243705DC1E2F49C100005416 /* VerificationLoadingVC.xib */ = {isa = PBXFileReference; fileEncoding = 4; lastKnownFileType = file.xib; path = VerificationLoadingVC.xib; sourceTree = "<group>"; };
		243705DD1E2F49C100005416 /* VerificationVC.xib */ = {isa = PBXFileReference; fileEncoding = 4; lastKnownFileType = file.xib; path = VerificationVC.xib; sourceTree = "<group>"; };
		24562AA91E309608000814C6 /* AppointmentVC.swift */ = {isa = PBXFileReference; fileEncoding = 4; lastKnownFileType = sourcecode.swift; path = AppointmentVC.swift; sourceTree = "<group>"; };
		24562AAA1E309608000814C6 /* PaymentDetailsVc.swift */ = {isa = PBXFileReference; fileEncoding = 4; lastKnownFileType = sourcecode.swift; path = PaymentDetailsVc.swift; sourceTree = "<group>"; };
		24562AAB1E309608000814C6 /* ThanksVc.swift */ = {isa = PBXFileReference; fileEncoding = 4; lastKnownFileType = sourcecode.swift; path = ThanksVc.swift; sourceTree = "<group>"; };
		24562AAF1E30963B000814C6 /* AppointmentVC.xib */ = {isa = PBXFileReference; fileEncoding = 4; lastKnownFileType = file.xib; path = AppointmentVC.xib; sourceTree = "<group>"; };
		24562AB01E30963B000814C6 /* PaymentDetailsVc.xib */ = {isa = PBXFileReference; fileEncoding = 4; lastKnownFileType = file.xib; path = PaymentDetailsVc.xib; sourceTree = "<group>"; };
		24562AB11E30963B000814C6 /* ThanksVc.xib */ = {isa = PBXFileReference; fileEncoding = 4; lastKnownFileType = file.xib; path = ThanksVc.xib; sourceTree = "<group>"; };
		24562AB71E3096C4000814C6 /* cellMedication.swift */ = {isa = PBXFileReference; fileEncoding = 4; lastKnownFileType = sourcecode.swift; path = cellMedication.swift; sourceTree = "<group>"; };
		24562AC91E30C5F6000814C6 /* AppoinmentHeaderCell.xib */ = {isa = PBXFileReference; fileEncoding = 4; lastKnownFileType = file.xib; path = AppoinmentHeaderCell.xib; sourceTree = "<group>"; };
		24562ACC1E30D07D000814C6 /* Accelerate.framework */ = {isa = PBXFileReference; lastKnownFileType = wrapper.framework; name = Accelerate.framework; path = System/Library/Frameworks/Accelerate.framework; sourceTree = SDKROOT; };
		24562ACE1E30D0A0000814C6 /* SystemConfiguration.framework */ = {isa = PBXFileReference; lastKnownFileType = wrapper.framework; name = SystemConfiguration.framework; path = System/Library/Frameworks/SystemConfiguration.framework; sourceTree = SDKROOT; };
		24562AD01E30D0B5000814C6 /* QuartzCore.framework */ = {isa = PBXFileReference; lastKnownFileType = wrapper.framework; name = QuartzCore.framework; path = System/Library/Frameworks/QuartzCore.framework; sourceTree = SDKROOT; };
		24562AD21E30D0BF000814C6 /* OpenGLES.framework */ = {isa = PBXFileReference; lastKnownFileType = wrapper.framework; name = OpenGLES.framework; path = System/Library/Frameworks/OpenGLES.framework; sourceTree = SDKROOT; };
		24562AD41E30D0D3000814C6 /* ImageIO.framework */ = {isa = PBXFileReference; lastKnownFileType = wrapper.framework; name = ImageIO.framework; path = System/Library/Frameworks/ImageIO.framework; sourceTree = SDKROOT; };
		24562AD61E30D0DA000814C6 /* GLKit.framework */ = {isa = PBXFileReference; lastKnownFileType = wrapper.framework; name = GLKit.framework; path = System/Library/Frameworks/GLKit.framework; sourceTree = SDKROOT; };
		24562AD81E30D0E2000814C6 /* CoreText.framework */ = {isa = PBXFileReference; lastKnownFileType = wrapper.framework; name = CoreText.framework; path = System/Library/Frameworks/CoreText.framework; sourceTree = SDKROOT; };
		24562ADA1E30D0EA000814C6 /* CoreData.framework */ = {isa = PBXFileReference; lastKnownFileType = wrapper.framework; name = CoreData.framework; path = System/Library/Frameworks/CoreData.framework; sourceTree = SDKROOT; };
		24562ADC1E30D0F2000814C6 /* MapKit.framework */ = {isa = PBXFileReference; lastKnownFileType = wrapper.framework; name = MapKit.framework; path = System/Library/Frameworks/MapKit.framework; sourceTree = SDKROOT; };
		24562ADE1E30D0F9000814C6 /* UIKit.framework */ = {isa = PBXFileReference; lastKnownFileType = wrapper.framework; name = UIKit.framework; path = System/Library/Frameworks/UIKit.framework; sourceTree = SDKROOT; };
		24562AE01E30D103000814C6 /* Foundation.framework */ = {isa = PBXFileReference; lastKnownFileType = wrapper.framework; name = Foundation.framework; path = System/Library/Frameworks/Foundation.framework; sourceTree = SDKROOT; };
		24562AE21E30D10B000814C6 /* CoreLocation.framework */ = {isa = PBXFileReference; lastKnownFileType = wrapper.framework; name = CoreLocation.framework; path = System/Library/Frameworks/CoreLocation.framework; sourceTree = SDKROOT; };
		24562AE41E30D111000814C6 /* CoreGraphics.framework */ = {isa = PBXFileReference; lastKnownFileType = wrapper.framework; name = CoreGraphics.framework; path = System/Library/Frameworks/CoreGraphics.framework; sourceTree = SDKROOT; };
		24562AE61E30D128000814C6 /* libc++.tbd */ = {isa = PBXFileReference; lastKnownFileType = "sourcecode.text-based-dylib-definition"; name = "libc++.tbd"; path = "usr/lib/libc++.tbd"; sourceTree = SDKROOT; };
		24562AE81E30D132000814C6 /* libz.tbd */ = {isa = PBXFileReference; lastKnownFileType = "sourcecode.text-based-dylib-definition"; name = libz.tbd; path = usr/lib/libz.tbd; sourceTree = SDKROOT; };
		24562B051E30D7E8000814C6 /* GooglePlacePicker.bundle */ = {isa = PBXFileReference; lastKnownFileType = "wrapper.plug-in"; path = GooglePlacePicker.bundle; sourceTree = "<group>"; };
		30AA53891E3B65200009640C /* DisplayReviewVC.swift */ = {isa = PBXFileReference; fileEncoding = 4; lastKnownFileType = sourcecode.swift; path = DisplayReviewVC.swift; sourceTree = "<group>"; };
		30AA538B1E3B65480009640C /* DisplayReviewVC.xib */ = {isa = PBXFileReference; fileEncoding = 4; lastKnownFileType = file.xib; path = DisplayReviewVC.xib; sourceTree = "<group>"; };
		30AA538D1E3B6BBA0009640C /* tabCell.swift */ = {isa = PBXFileReference; fileEncoding = 4; lastKnownFileType = sourcecode.swift; name = tabCell.swift; path = "../../../../../../pooja/Back ups/pooja/dynamicTabBar/dynamicTabBar/tabCell.swift"; sourceTree = "<group>"; };
		30AA538F1E3B6BD50009640C /* tabCell.xib */ = {isa = PBXFileReference; fileEncoding = 4; lastKnownFileType = file.xib; name = tabCell.xib; path = "../../../../../../pooja/Back ups/pooja/dynamicTabBar/dynamicTabBar/tabCell.xib"; sourceTree = "<group>"; };
		30AA53951E3B71980009640C /* ReviewCell.swift */ = {isa = PBXFileReference; fileEncoding = 4; lastKnownFileType = sourcecode.swift; path = ReviewCell.swift; sourceTree = "<group>"; };
		30AA53961E3B71980009640C /* ReviewCell.xib */ = {isa = PBXFileReference; fileEncoding = 4; lastKnownFileType = file.xib; name = ReviewCell.xib; path = ../../../BusinessLayer/Controllers/CellControllers/ReviewCell.xib; sourceTree = "<group>"; };
/* End PBXFileReference section */

/* Begin PBXFrameworksBuildPhase section */
		0CBA41DE1E2CAA9A0008C8E4 /* Frameworks */ = {
			isa = PBXFrameworksBuildPhase;
			buildActionMask = 2147483647;
			files = (
				24562ADF1E30D0F9000814C6 /* UIKit.framework in Frameworks */,
				0CAC45E41E37254300C79AFA /* Security.framework in Frameworks */,
				0CAC45E21E37253C00C79AFA /* MediaPlayer.framework in Frameworks */,
				24562AE51E30D111000814C6 /* CoreGraphics.framework in Frameworks */,
				24562AD91E30D0E2000814C6 /* CoreText.framework in Frameworks */,
				0CAC45E01E37252000C79AFA /* CoreMotion.framework in Frameworks */,
				0CAC45DE1E37250900C79AFA /* AssetsLibrary.framework in Frameworks */,
				0CAC45DC1E3724F600C79AFA /* AddressBook.framework in Frameworks */,
				24562AE91E30D132000814C6 /* libz.tbd in Frameworks */,
				24562AE71E30D128000814C6 /* libc++.tbd in Frameworks */,
				24562AE31E30D10B000814C6 /* CoreLocation.framework in Frameworks */,
				24562AE11E30D103000814C6 /* Foundation.framework in Frameworks */,
				24562ADD1E30D0F2000814C6 /* MapKit.framework in Frameworks */,
				0CAC45D81E37219800C79AFA /* GoogleSignIn.framework in Frameworks */,
				24562ADB1E30D0EA000814C6 /* CoreData.framework in Frameworks */,
				24562AD71E30D0DA000814C6 /* GLKit.framework in Frameworks */,
				24562AD51E30D0D3000814C6 /* ImageIO.framework in Frameworks */,
				24562AD31E30D0BF000814C6 /* OpenGLES.framework in Frameworks */,
				24562AD11E30D0B5000814C6 /* QuartzCore.framework in Frameworks */,
				24562ACF1E30D0A0000814C6 /* SystemConfiguration.framework in Frameworks */,
				24562ACD1E30D07D000814C6 /* Accelerate.framework in Frameworks */,
			);
			runOnlyForDeploymentPostprocessing = 0;
		};
		0CBA41F21E2CAA9A0008C8E4 /* Frameworks */ = {
			isa = PBXFrameworksBuildPhase;
			buildActionMask = 2147483647;
			files = (
			);
			runOnlyForDeploymentPostprocessing = 0;
		};
		0CBA41FD1E2CAA9A0008C8E4 /* Frameworks */ = {
			isa = PBXFrameworksBuildPhase;
			buildActionMask = 2147483647;
			files = (
			);
			runOnlyForDeploymentPostprocessing = 0;
		};
/* End PBXFrameworksBuildPhase section */

/* Begin PBXGroup section */
		0CAC45A31E37210700C79AFA /* FSCalendar */ = {
			isa = PBXGroup;
			children = (
				0C19A2BF1E3731EF0014B01C /* FSCalendar.h */,
				0C19A2C01E3731EF0014B01C /* FSCalendar.m */,
				0C19A2C11E3731EF0014B01C /* FSCalendar+Deprecated.m */,
				0C19A2C21E3731EF0014B01C /* FSCalendarAppearance.h */,
				0C19A2C31E3731EF0014B01C /* FSCalendarAppearance.m */,
				0C19A2C41E3731EF0014B01C /* FSCalendarCalculator.h */,
				0C19A2C51E3731EF0014B01C /* FSCalendarCalculator.m */,
				0C19A2C61E3731EF0014B01C /* FSCalendarCell.h */,
				0C19A2C71E3731EF0014B01C /* FSCalendarCell.m */,
				0C19A2C81E3731EF0014B01C /* FSCalendarCollectionView.h */,
				0C19A2C91E3731EF0014B01C /* FSCalendarCollectionView.m */,
				0C19A2CA1E3731EF0014B01C /* FSCalendarCollectionViewLayout.h */,
				0C19A2CB1E3731EF0014B01C /* FSCalendarCollectionViewLayout.m */,
				0C19A2CC1E3731EF0014B01C /* FSCalendarConstants.h */,
				0C19A2CD1E3731EF0014B01C /* FSCalendarConstants.m */,
				0C19A2CE1E3731EF0014B01C /* FSCalendarDelegationFactory.h */,
				0C19A2CF1E3731EF0014B01C /* FSCalendarDelegationFactory.m */,
				0C19A2D01E3731EF0014B01C /* FSCalendarDelegationProxy.h */,
				0C19A2D11E3731EF0014B01C /* FSCalendarDelegationProxy.m */,
				0C19A2D21E3731EF0014B01C /* FSCalendarDynamicHeader.h */,
				0C19A2D31E3731EF0014B01C /* FSCalendarExtensions.h */,
				0C19A2D41E3731EF0014B01C /* FSCalendarExtensions.m */,
				0C19A2D51E3731EF0014B01C /* FSCalendarHeaderView.h */,
				0C19A2D61E3731EF0014B01C /* FSCalendarHeaderView.m */,
				0C19A2D71E3731EF0014B01C /* FSCalendarScopeHandle.h */,
				0C19A2D81E3731EF0014B01C /* FSCalendarScopeHandle.m */,
				0C19A2D91E3731EF0014B01C /* FSCalendarStickyHeader.h */,
				0C19A2DA1E3731EF0014B01C /* FSCalendarStickyHeader.m */,
				0C19A2DB1E3731EF0014B01C /* FSCalendarTransitionCoordinator.h */,
				0C19A2DC1E3731EF0014B01C /* FSCalendarTransitionCoordinator.m */,
				0C19A2DD1E3731EF0014B01C /* FSCalendarWeekdayView.h */,
				0C19A2DE1E3731EF0014B01C /* FSCalendarWeekdayView.m */,
			);
			name = FSCalendar;
			sourceTree = "<group>";
		};
		0CAC45F11E372FFA00C79AFA /* AppImages */ = {
			isa = PBXGroup;
			children = (
				0CA0B74F1E38BA950066D0EA /* google-plus.png */,
				0CA0B74D1E38BA8E0066D0EA /* facebook.png */,
				0C19A2AF1E3731B30014B01C /* add_button.png */,
				0C19A2B01E3731B30014B01C /* bell.png */,
				0C19A2B11E3731B30014B01C /* camera.png */,
				0C19A2B21E3731B30014B01C /* back_nav.png */,
				0C19A2B31E3731B30014B01C /* Home-50.png */,
				0C19A2B41E3731B30014B01C /* noimg.png */,
				0C19A2B51E3731B30014B01C /* rightmark.png */,
				0C19A2B61E3731B30014B01C /* visa.png */,
			);
			name = AppImages;
			sourceTree = "<group>";
		};
		0CBA41D81E2CAA9A0008C8E4 = {
			isa = PBXGroup;
			children = (
				0CBA41E21E2CAA9A0008C8E4 /* Products */,
				0CBA41E31E2CAA9A0008C8E4 /* AssistCare */,
				0CBA41F81E2CAA9A0008C8E4 /* AssistCareTests */,
				0CBA42031E2CAA9A0008C8E4 /* AssistCareUITests */,
				24562ACB1E30D07D000814C6 /* Frameworks */,
			);
			sourceTree = "<group>";
		};
		0CBA41E21E2CAA9A0008C8E4 /* Products */ = {
			isa = PBXGroup;
			children = (
				0CBA41E11E2CAA9A0008C8E4 /* AssistCare.app */,
				0CBA41F51E2CAA9A0008C8E4 /* AssistCareTests.xctest */,
				0CBA42001E2CAA9A0008C8E4 /* AssistCareUITests.xctest */,
			);
			name = Products;
			sourceTree = "<group>";
		};
		0CBA41E31E2CAA9A0008C8E4 /* AssistCare */ = {
			isa = PBXGroup;
			children = (
				0CAC45F11E372FFA00C79AFA /* AppImages */,
				24562B051E30D7E8000814C6 /* GooglePlacePicker.bundle */,
				0CAC45D91E3721FA00C79AFA /* GoogleSignIn.bundle */,
				0CAC45D41E37214700C79AFA /* AssistCare-Bridging-Header.h */,
				0CAC45A31E37210700C79AFA /* FSCalendar */,
				243705C11E2F49C100005416 /* BusinessLayer */,
				243705D21E2F49C100005416 /* PresentationLayer */,
				243705DE1E2F49C100005416 /* Base.lproj */,
				0CBA41E41E2CAA9A0008C8E4 /* AppDelegate.swift */,
				0CBA41EB1E2CAA9A0008C8E4 /* Assets.xcassets */,
				0CBA41ED1E2CAA9A0008C8E4 /* LaunchScreen.storyboard */,
				0CBA41F01E2CAA9A0008C8E4 /* Info.plist */,
			);
			path = AssistCare;
			sourceTree = "<group>";
		};
		0CBA41F81E2CAA9A0008C8E4 /* AssistCareTests */ = {
			isa = PBXGroup;
			children = (
				0CBA41F91E2CAA9A0008C8E4 /* AssistCareTests.swift */,
				0CBA41FB1E2CAA9A0008C8E4 /* Info.plist */,
			);
			path = AssistCareTests;
			sourceTree = "<group>";
		};
		0CBA42031E2CAA9A0008C8E4 /* AssistCareUITests */ = {
			isa = PBXGroup;
			children = (
				0CBA42041E2CAA9A0008C8E4 /* AssistCareUITests.swift */,
				0CBA42061E2CAA9A0008C8E4 /* Info.plist */,
			);
			path = AssistCareUITests;
			sourceTree = "<group>";
		};
		243705C11E2F49C100005416 /* BusinessLayer */ = {
			isa = PBXGroup;
			children = (
				243705C21E2F49C100005416 /* Controllers */,
				243705CE1E2F49C100005416 /* Helpers */,
			);
			path = BusinessLayer;
			sourceTree = "<group>";
		};
		243705C21E2F49C100005416 /* Controllers */ = {
			isa = PBXGroup;
			children = (
				243705C31E2F49C100005416 /* CellControllers */,
				243705C61E2F49C100005416 /* ViewControllers */,
			);
			path = Controllers;
			sourceTree = "<group>";
		};
		243705C31E2F49C100005416 /* CellControllers */ = {
			isa = PBXGroup;
			children = (
				30AA538D1E3B6BBA0009640C /* tabCell.swift */,
				0C91A8A81E32306D0000955E /* PersonHistoryCell.swift */,
				0C91A8961E31F51E0000955E /* AppoinmentHeaderCell.swift */,
				24562AB71E3096C4000814C6 /* cellMedication.swift */,
				243705C41E2F49C100005416 /* CareServicesCell.swift */,
				0CAC45ED1E372F3900C79AFA /* PaymentCardDetailCell.swift */,
				0CA0B7471E38B9D60066D0EA /* FriendBookedCell.swift */,
				30AA53951E3B71980009640C /* ReviewCell.swift */,
			);
			path = CellControllers;
			sourceTree = "<group>";
		};
		243705C61E2F49C100005416 /* ViewControllers */ = {
			isa = PBXGroup;
			children = (
				0CA0B7431E38AEE70066D0EA /* FriendsBookedVC.swift */,
				24562AA91E309608000814C6 /* AppointmentVC.swift */,
				0CA0B7391E38A8630066D0EA /* CareGiverDetailVC.swift */,
				243705C71E2F49C100005416 /* CategoryVC.swift */,
				24194F321E31E1B100982135 /* CreateProfileFirst.swift */,
				0CA0B73B1E38A8780066D0EA /* CreateProfileSecond.swift */,
				243705C81E2F49C100005416 /* EditProfile.swift */,
				0CAC45E51E372E8100C79AFA /* ManagePaymentCardMethodVC.swift */,
				243705C91E2F49C100005416 /* MedicationVC.swift */,
				243130BA1E2F98DA006F24D4 /* NewAppoinmentVC.swift */,
				0CAC45EB1E372EFC00C79AFA /* PaymentCardDetailVC.swift */,
				24562AAA1E309608000814C6 /* PaymentDetailsVc.swift */,
				0C91A89A1E320BFC0000955E /* ReferealVC.swift */,
				0CA0B73D1E38A8950066D0EA /* searchCareGiverOnMapVC.swift */,
				243705CA1E2F49C100005416 /* SetupServicesVC.swift */,
				243705CB1E2F49C100005416 /* SignUpVC.swift */,
				24194F331E31E1B100982135 /* TabBarVC.swift */,
				24562AAB1E309608000814C6 /* ThanksVc.swift */,
				243705CC1E2F49C100005416 /* VerificationLoadingVC.swift */,
				243705CD1E2F49C100005416 /* VerificationVC.swift */,
				30AA53891E3B65200009640C /* DisplayReviewVC.swift */,
			);
			path = ViewControllers;
			sourceTree = "<group>";
		};
		243705CE1E2F49C100005416 /* Helpers */ = {
			isa = PBXGroup;
			children = (
				24194F361E31E1BD00982135 /* MapAnnotation.swift */,
				243705CF1E2F49C100005416 /* AppDesign.swift */,
				243705D01E2F49C100005416 /* Constant.swift */,
				243705D11E2F49C100005416 /* Extension.swift */,
			);
			path = Helpers;
			sourceTree = "<group>";
		};
		243705D21E2F49C100005416 /* PresentationLayer */ = {
			isa = PBXGroup;
			children = (
				243705D31E2F49C100005416 /* Views */,
			);
			path = PresentationLayer;
			sourceTree = "<group>";
		};
		243705D31E2F49C100005416 /* Views */ = {
			isa = PBXGroup;
			children = (
				243705D51E2F49C100005416 /* CellView */,
				24562AAF1E30963B000814C6 /* AppointmentVC.xib */,
				0CA0B7331E38A7DD0066D0EA /* CareGiverDetailVC.xib */,
				0CA0B7451E38B3CF0066D0EA /* CreateProfileSecond.xib */,
				243705D41E2F49C100005416 /* CategoryVC.xib */,
				24194F381E31E1CD00982135 /* CreateProfileFirst.xib */,
				243705D81E2F49C100005416 /* EditProfile.xib */,
				0CAC45E71E372E9F00C79AFA /* ManagePaymentCardMethodVC.xib */,
				243705D91E2F49C100005416 /* MedicationVC.xib */,
				243130B81E2F98B9006F24D4 /* NewAppoinmentVC.xib */,
				0CAC45E91E372EDA00C79AFA /* PaymentCardDetailVC.xib */,
				24562AB01E30963B000814C6 /* PaymentDetailsVc.xib */,
				0C91A8981E320B580000955E /* ReferealVC.xib */,
				0CA0B7371E38A8060066D0EA /* searchCareGiverOnMapVC.xib */,
				243705DA1E2F49C100005416 /* SetupServicesVC.xib */,
				243705DB1E2F49C100005416 /* SignUpVC.xib */,
				24562AB11E30963B000814C6 /* ThanksVc.xib */,
				243705DC1E2F49C100005416 /* VerificationLoadingVC.xib */,
				243705DD1E2F49C100005416 /* VerificationVC.xib */,
				0CA0B7401E38AECB0066D0EA /* FriendsBookedVC.xib */,
				30AA538B1E3B65480009640C /* DisplayReviewVC.xib */,
			);
			path = Views;
			sourceTree = "<group>";
		};
		243705D51E2F49C100005416 /* CellView */ = {
			isa = PBXGroup;
			children = (
				30AA538F1E3B6BD50009640C /* tabCell.xib */,
				0CA0B74B1E38B9F10066D0EA /* FriendBookedCell.xib */,
				0CAC45EF1E372F5500C79AFA /* PaymentCardDetailCell.xib */,
				24562AC91E30C5F6000814C6 /* AppoinmentHeaderCell.xib */,
				243705D61E2F49C100005416 /* CareServicesCell.xib */,
				243705D71E2F49C100005416 /* cellMedication.xib */,
				0C91A8A51E3230530000955E /* PersonHistoryCell.xib */,
				30AA53961E3B71980009640C /* ReviewCell.xib */,
			);
			path = CellView;
			sourceTree = "<group>";
		};
		243705DE1E2F49C100005416 /* Base.lproj */ = {
			isa = PBXGroup;
			children = (
			);
			path = Base.lproj;
			sourceTree = "<group>";
		};
		24562ACB1E30D07D000814C6 /* Frameworks */ = {
			isa = PBXGroup;
			children = (
				0CAC45E31E37254300C79AFA /* Security.framework */,
				0CAC45E11E37253C00C79AFA /* MediaPlayer.framework */,
				0CAC45DF1E37252000C79AFA /* CoreMotion.framework */,
				0CAC45DD1E37250900C79AFA /* AssetsLibrary.framework */,
				0CAC45DB1E3724F600C79AFA /* AddressBook.framework */,
				0CAC45D71E37219800C79AFA /* GoogleSignIn.framework */,
				24562AE81E30D132000814C6 /* libz.tbd */,
				24562AE61E30D128000814C6 /* libc++.tbd */,
				24562AE41E30D111000814C6 /* CoreGraphics.framework */,
				24562AE21E30D10B000814C6 /* CoreLocation.framework */,
				24562AE01E30D103000814C6 /* Foundation.framework */,
				24562ADE1E30D0F9000814C6 /* UIKit.framework */,
				24562ADC1E30D0F2000814C6 /* MapKit.framework */,
				24562ADA1E30D0EA000814C6 /* CoreData.framework */,
				24562AD81E30D0E2000814C6 /* CoreText.framework */,
				24562AD61E30D0DA000814C6 /* GLKit.framework */,
				24562AD41E30D0D3000814C6 /* ImageIO.framework */,
				24562AD21E30D0BF000814C6 /* OpenGLES.framework */,
				24562AD01E30D0B5000814C6 /* QuartzCore.framework */,
				24562ACE1E30D0A0000814C6 /* SystemConfiguration.framework */,
				24562ACC1E30D07D000814C6 /* Accelerate.framework */,
			);
			name = Frameworks;
			sourceTree = "<group>";
		};
/* End PBXGroup section */

/* Begin PBXNativeTarget section */
		0CBA41E01E2CAA9A0008C8E4 /* AssistCare */ = {
			isa = PBXNativeTarget;
			buildConfigurationList = 0CBA42091E2CAA9A0008C8E4 /* Build configuration list for PBXNativeTarget "AssistCare" */;
			buildPhases = (
				0CBA41DD1E2CAA9A0008C8E4 /* Sources */,
				0CBA41DE1E2CAA9A0008C8E4 /* Frameworks */,
				0CBA41DF1E2CAA9A0008C8E4 /* Resources */,
			);
			buildRules = (
			);
			dependencies = (
			);
			name = AssistCare;
			productName = AssistCare;
			productReference = 0CBA41E11E2CAA9A0008C8E4 /* AssistCare.app */;
			productType = "com.apple.product-type.application";
		};
		0CBA41F41E2CAA9A0008C8E4 /* AssistCareTests */ = {
			isa = PBXNativeTarget;
			buildConfigurationList = 0CBA420C1E2CAA9A0008C8E4 /* Build configuration list for PBXNativeTarget "AssistCareTests" */;
			buildPhases = (
				5C856C37CE1CB85CBE04D921 /* [CP] Check Pods Manifest.lock */,
				0CBA41F11E2CAA9A0008C8E4 /* Sources */,
				0CBA41F21E2CAA9A0008C8E4 /* Frameworks */,
				0CBA41F31E2CAA9A0008C8E4 /* Resources */,
				3FDCA072FA563ED968F076CD /* [CP] Embed Pods Frameworks */,
				BD4D5F389B8025CE3E19B63F /* [CP] Copy Pods Resources */,
			);
			buildRules = (
			);
			dependencies = (
				0CBA41F71E2CAA9A0008C8E4 /* PBXTargetDependency */,
			);
			name = AssistCareTests;
			productName = AssistCareTests;
			productReference = 0CBA41F51E2CAA9A0008C8E4 /* AssistCareTests.xctest */;
			productType = "com.apple.product-type.bundle.unit-test";
		};
		0CBA41FF1E2CAA9A0008C8E4 /* AssistCareUITests */ = {
			isa = PBXNativeTarget;
			buildConfigurationList = 0CBA420F1E2CAA9A0008C8E4 /* Build configuration list for PBXNativeTarget "AssistCareUITests" */;
			buildPhases = (
				1A7E769432022D1A28C72183 /* [CP] Check Pods Manifest.lock */,
				0CBA41FC1E2CAA9A0008C8E4 /* Sources */,
				0CBA41FD1E2CAA9A0008C8E4 /* Frameworks */,
				0CBA41FE1E2CAA9A0008C8E4 /* Resources */,
				F61A0F7A67AF64632AA14CBB /* [CP] Copy Pods Resources */,
			);
			buildRules = (
			);
			dependencies = (
				0CBA42021E2CAA9A0008C8E4 /* PBXTargetDependency */,
			);
			name = AssistCareUITests;
			productName = AssistCareUITests;
			productReference = 0CBA42001E2CAA9A0008C8E4 /* AssistCareUITests.xctest */;
			productType = "com.apple.product-type.bundle.ui-testing";
		};
/* End PBXNativeTarget section */

/* Begin PBXProject section */
		0CBA41D91E2CAA9A0008C8E4 /* Project object */ = {
			isa = PBXProject;
			attributes = {
				LastSwiftUpdateCheck = 0820;
				LastUpgradeCheck = 0820;
				ORGANIZATIONNAME = Lanetteam;
				TargetAttributes = {
					0CBA41E01E2CAA9A0008C8E4 = {
						CreatedOnToolsVersion = 8.2.1;
						LastSwiftMigration = 0820;
						ProvisioningStyle = Manual;
					};
					0CBA41F41E2CAA9A0008C8E4 = {
						CreatedOnToolsVersion = 8.2.1;
						LastSwiftMigration = 0820;
						ProvisioningStyle = Automatic;
						TestTargetID = 0CBA41E01E2CAA9A0008C8E4;
					};
					0CBA41FF1E2CAA9A0008C8E4 = {
						CreatedOnToolsVersion = 8.2.1;
						LastSwiftMigration = 0820;
						ProvisioningStyle = Automatic;
						TestTargetID = 0CBA41E01E2CAA9A0008C8E4;
					};
				};
			};
			buildConfigurationList = 0CBA41DC1E2CAA9A0008C8E4 /* Build configuration list for PBXProject "AssistCare" */;
			compatibilityVersion = "Xcode 3.2";
			developmentRegion = English;
			hasScannedForEncodings = 0;
			knownRegions = (
				en,
				Base,
			);
			mainGroup = 0CBA41D81E2CAA9A0008C8E4;
			productRefGroup = 0CBA41E21E2CAA9A0008C8E4 /* Products */;
			projectDirPath = "";
			projectRoot = "";
			targets = (
				0CBA41E01E2CAA9A0008C8E4 /* AssistCare */,
				0CBA41F41E2CAA9A0008C8E4 /* AssistCareTests */,
				0CBA41FF1E2CAA9A0008C8E4 /* AssistCareUITests */,
			);
		};
/* End PBXProject section */

/* Begin PBXResourcesBuildPhase section */
		0CBA41DF1E2CAA9A0008C8E4 /* Resources */ = {
			isa = PBXResourcesBuildPhase;
			buildActionMask = 2147483647;
			files = (
				0CA0B7421E38AECB0066D0EA /* FriendsBookedVC.xib in Resources */,
				243705F41E2F49C100005416 /* VerificationLoadingVC.xib in Resources */,
				243705EE1E2F49C100005416 /* CareServicesCell.xib in Resources */,
				0C19A2B81E3731B30014B01C /* bell.png in Resources */,
				0C91A8991E320B580000955E /* ReferealVC.xib in Resources */,
				0CA0B74E1E38BA8E0066D0EA /* facebook.png in Resources */,
				30AA53901E3B6BD50009640C /* tabCell.xib in Resources */,
				243705F31E2F49C100005416 /* SignUpVC.xib in Resources */,
				0CAC45EA1E372EDA00C79AFA /* PaymentCardDetailVC.xib in Resources */,
				0CAC45E81E372E9F00C79AFA /* ManagePaymentCardMethodVC.xib in Resources */,
				0CAC45F01E372F5500C79AFA /* PaymentCardDetailCell.xib in Resources */,
				0CA0B7461E38B3CF0066D0EA /* CreateProfileSecond.xib in Resources */,
				0CA0B7381E38A8060066D0EA /* searchCareGiverOnMapVC.xib in Resources */,
				0CA0B7341E38A7DD0066D0EA /* CareGiverDetailVC.xib in Resources */,
				243130B91E2F98B9006F24D4 /* NewAppoinmentVC.xib in Resources */,
				0C19A2BD1E3731B30014B01C /* rightmark.png in Resources */,
				0C19A2BB1E3731B30014B01C /* Home-50.png in Resources */,
				0C19A2BE1E3731B30014B01C /* visa.png in Resources */,
				243705ED1E2F49C100005416 /* CategoryVC.xib in Resources */,
				0C19A2B71E3731B30014B01C /* add_button.png in Resources */,
				0CA0B74C1E38B9F10066D0EA /* FriendBookedCell.xib in Resources */,
				0C19A2BC1E3731B30014B01C /* noimg.png in Resources */,
				243705F11E2F49C100005416 /* MedicationVC.xib in Resources */,
				30AA53981E3B71980009640C /* ReviewCell.xib in Resources */,
				0CBA41EF1E2CAA9A0008C8E4 /* LaunchScreen.storyboard in Resources */,
				24562B061E30D7E8000814C6 /* GooglePlacePicker.bundle in Resources */,
				243705F21E2F49C100005416 /* SetupServicesVC.xib in Resources */,
				24562AB21E30963B000814C6 /* AppointmentVC.xib in Resources */,
				0CBA41EC1E2CAA9A0008C8E4 /* Assets.xcassets in Resources */,
				0C91A8A71E3230530000955E /* PersonHistoryCell.xib in Resources */,
				0C19A2BA1E3731B30014B01C /* back_nav.png in Resources */,
				0CA0B7501E38BA950066D0EA /* google-plus.png in Resources */,
				243705F51E2F49C100005416 /* VerificationVC.xib in Resources */,
				0CAC45DA1E3721FA00C79AFA /* GoogleSignIn.bundle in Resources */,
				24562AB31E30963B000814C6 /* PaymentDetailsVc.xib in Resources */,
				24194F391E31E1CD00982135 /* CreateProfileFirst.xib in Resources */,
				0C19A2B91E3731B30014B01C /* camera.png in Resources */,
				24562ACA1E30C5F6000814C6 /* AppoinmentHeaderCell.xib in Resources */,
				24562AB41E30963B000814C6 /* ThanksVc.xib in Resources */,
				30AA538C1E3B65480009640C /* DisplayReviewVC.xib in Resources */,
				243705EF1E2F49C100005416 /* cellMedication.xib in Resources */,
				243705F01E2F49C100005416 /* EditProfile.xib in Resources */,
			);
			runOnlyForDeploymentPostprocessing = 0;
		};
		0CBA41F31E2CAA9A0008C8E4 /* Resources */ = {
			isa = PBXResourcesBuildPhase;
			buildActionMask = 2147483647;
			files = (
			);
			runOnlyForDeploymentPostprocessing = 0;
		};
		0CBA41FE1E2CAA9A0008C8E4 /* Resources */ = {
			isa = PBXResourcesBuildPhase;
			buildActionMask = 2147483647;
			files = (
			);
			runOnlyForDeploymentPostprocessing = 0;
		};
/* End PBXResourcesBuildPhase section */

/* Begin PBXShellScriptBuildPhase section */
		1A7E769432022D1A28C72183 /* [CP] Check Pods Manifest.lock */ = {
			isa = PBXShellScriptBuildPhase;
			buildActionMask = 2147483647;
			files = (
			);
			inputPaths = (
			);
			name = "[CP] Check Pods Manifest.lock";
			outputPaths = (
			);
			runOnlyForDeploymentPostprocessing = 0;
			shellPath = /bin/sh;
			shellScript = "diff \"${PODS_ROOT}/../Podfile.lock\" \"${PODS_ROOT}/Manifest.lock\" > /dev/null\nif [[ $? != 0 ]] ; then\n    cat << EOM\nerror: The sandbox is not in sync with the Podfile.lock. Run 'pod install' or update your CocoaPods installation.\nEOM\n    exit 1\nfi\n";
			showEnvVarsInLog = 0;
		};
		3FDCA072FA563ED968F076CD /* [CP] Embed Pods Frameworks */ = {
			isa = PBXShellScriptBuildPhase;
			buildActionMask = 2147483647;
			files = (
			);
			inputPaths = (
			);
			name = "[CP] Embed Pods Frameworks";
			outputPaths = (
			);
			runOnlyForDeploymentPostprocessing = 0;
			shellPath = /bin/sh;
			shellScript = "\"${SRCROOT}/Pods/Target Support Files/Pods-AssistCareTests/Pods-AssistCareTests-frameworks.sh\"\n";
			showEnvVarsInLog = 0;
		};
		5C856C37CE1CB85CBE04D921 /* [CP] Check Pods Manifest.lock */ = {
			isa = PBXShellScriptBuildPhase;
			buildActionMask = 2147483647;
			files = (
			);
			inputPaths = (
			);
			name = "[CP] Check Pods Manifest.lock";
			outputPaths = (
			);
			runOnlyForDeploymentPostprocessing = 0;
			shellPath = /bin/sh;
			shellScript = "diff \"${PODS_ROOT}/../Podfile.lock\" \"${PODS_ROOT}/Manifest.lock\" > /dev/null\nif [[ $? != 0 ]] ; then\n    cat << EOM\nerror: The sandbox is not in sync with the Podfile.lock. Run 'pod install' or update your CocoaPods installation.\nEOM\n    exit 1\nfi\n";
			showEnvVarsInLog = 0;
		};
		BD4D5F389B8025CE3E19B63F /* [CP] Copy Pods Resources */ = {
			isa = PBXShellScriptBuildPhase;
			buildActionMask = 2147483647;
			files = (
			);
			inputPaths = (
			);
			name = "[CP] Copy Pods Resources";
			outputPaths = (
			);
			runOnlyForDeploymentPostprocessing = 0;
			shellPath = /bin/sh;
			shellScript = "\"${SRCROOT}/Pods/Target Support Files/Pods-AssistCareTests/Pods-AssistCareTests-resources.sh\"\n";
			showEnvVarsInLog = 0;
		};
		F61A0F7A67AF64632AA14CBB /* [CP] Copy Pods Resources */ = {
			isa = PBXShellScriptBuildPhase;
			buildActionMask = 2147483647;
			files = (
			);
			inputPaths = (
			);
			name = "[CP] Copy Pods Resources";
			outputPaths = (
			);
			runOnlyForDeploymentPostprocessing = 0;
			shellPath = /bin/sh;
			shellScript = "\"${SRCROOT}/Pods/Target Support Files/Pods-AssistCareUITests/Pods-AssistCareUITests-resources.sh\"\n";
			showEnvVarsInLog = 0;
		};
/* End PBXShellScriptBuildPhase section */

/* Begin PBXSourcesBuildPhase section */
		0CBA41DD1E2CAA9A0008C8E4 /* Sources */ = {
			isa = PBXSourcesBuildPhase;
			buildActionMask = 2147483647;
			files = (
				243705E71E2F49C100005416 /* SignUpVC.swift in Sources */,
				30AA53971E3B71980009640C /* ReviewCell.swift in Sources */,
				30AA538A1E3B65200009640C /* DisplayReviewVC.swift in Sources */,
				0CA0B7491E38B9D60066D0EA /* FriendBookedCell.swift in Sources */,
				243705E91E2F49C100005416 /* VerificationVC.swift in Sources */,
				0C19A2E61E3731EF0014B01C /* FSCalendarConstants.m in Sources */,
				0C19A2E11E3731EF0014B01C /* FSCalendarAppearance.m in Sources */,
				0C19A2E51E3731EF0014B01C /* FSCalendarCollectionViewLayout.m in Sources */,
				0C19A2DF1E3731EF0014B01C /* FSCalendar.m in Sources */,
				0C19A2EC1E3731EF0014B01C /* FSCalendarStickyHeader.m in Sources */,
				0C19A2E31E3731EF0014B01C /* FSCalendarCell.m in Sources */,
				24194F371E31E1BD00982135 /* MapAnnotation.swift in Sources */,
				0CA0B73C1E38A8780066D0EA /* CreateProfileSecond.swift in Sources */,
				0C19A2E71E3731EF0014B01C /* FSCalendarDelegationFactory.m in Sources */,
				24194F351E31E1B100982135 /* TabBarVC.swift in Sources */,
				243705E11E2F49C100005416 /* CareServicesCell.swift in Sources */,
				0CA0B73E1E38A8950066D0EA /* searchCareGiverOnMapVC.swift in Sources */,
				24562AAC1E309608000814C6 /* AppointmentVC.swift in Sources */,
				30AA538E1E3B6BBA0009640C /* tabCell.swift in Sources */,
				243705E51E2F49C100005416 /* MedicationVC.swift in Sources */,
				0CBA41E51E2CAA9A0008C8E4 /* AppDelegate.swift in Sources */,
				0C19A2EB1E3731EF0014B01C /* FSCalendarScopeHandle.m in Sources */,
				0CA0B73A1E38A8630066D0EA /* CareGiverDetailVC.swift in Sources */,
				243705E31E2F49C100005416 /* CategoryVC.swift in Sources */,
				0C19A2E81E3731EF0014B01C /* FSCalendarDelegationProxy.m in Sources */,
				243130BB1E2F98DA006F24D4 /* NewAppoinmentVC.swift in Sources */,
				243705E81E2F49C100005416 /* VerificationLoadingVC.swift in Sources */,
				243705E61E2F49C100005416 /* SetupServicesVC.swift in Sources */,
				0CA0B7441E38AEE70066D0EA /* FriendsBookedVC.swift in Sources */,
				0C19A2E41E3731EF0014B01C /* FSCalendarCollectionView.m in Sources */,
				0C91A89B1E320BFC0000955E /* ReferealVC.swift in Sources */,
				0C91A8971E31F51E0000955E /* AppoinmentHeaderCell.swift in Sources */,
				0C19A2E91E3731EF0014B01C /* FSCalendarExtensions.m in Sources */,
				24194F341E31E1B100982135 /* CreateProfileFirst.swift in Sources */,
				0C91A8A91E32306D0000955E /* PersonHistoryCell.swift in Sources */,
				0CAC45E61E372E8100C79AFA /* ManagePaymentCardMethodVC.swift in Sources */,
				0C19A2EA1E3731EF0014B01C /* FSCalendarHeaderView.m in Sources */,
				243705E41E2F49C100005416 /* EditProfile.swift in Sources */,
				243705EC1E2F49C100005416 /* Extension.swift in Sources */,
				24562AB81E3096C4000814C6 /* cellMedication.swift in Sources */,
				243705EA1E2F49C100005416 /* AppDesign.swift in Sources */,
				24562AAE1E309608000814C6 /* ThanksVc.swift in Sources */,
				0C19A2EE1E3731EF0014B01C /* FSCalendarWeekdayView.m in Sources */,
				0CAC45EE1E372F3900C79AFA /* PaymentCardDetailCell.swift in Sources */,
				0C19A2ED1E3731EF0014B01C /* FSCalendarTransitionCoordinator.m in Sources */,
				24562AAD1E309608000814C6 /* PaymentDetailsVc.swift in Sources */,
				0C19A2E21E3731EF0014B01C /* FSCalendarCalculator.m in Sources */,
				0C19A2E01E3731EF0014B01C /* FSCalendar+Deprecated.m in Sources */,
				0CAC45EC1E372EFC00C79AFA /* PaymentCardDetailVC.swift in Sources */,
				243705EB1E2F49C100005416 /* Constant.swift in Sources */,
			);
			runOnlyForDeploymentPostprocessing = 0;
		};
		0CBA41F11E2CAA9A0008C8E4 /* Sources */ = {
			isa = PBXSourcesBuildPhase;
			buildActionMask = 2147483647;
			files = (
				0CBA41FA1E2CAA9A0008C8E4 /* AssistCareTests.swift in Sources */,
			);
			runOnlyForDeploymentPostprocessing = 0;
		};
		0CBA41FC1E2CAA9A0008C8E4 /* Sources */ = {
			isa = PBXSourcesBuildPhase;
			buildActionMask = 2147483647;
			files = (
				0CBA42051E2CAA9A0008C8E4 /* AssistCareUITests.swift in Sources */,
			);
			runOnlyForDeploymentPostprocessing = 0;
		};
/* End PBXSourcesBuildPhase section */

/* Begin PBXTargetDependency section */
		0CBA41F71E2CAA9A0008C8E4 /* PBXTargetDependency */ = {
			isa = PBXTargetDependency;
			target = 0CBA41E01E2CAA9A0008C8E4 /* AssistCare */;
			targetProxy = 0CBA41F61E2CAA9A0008C8E4 /* PBXContainerItemProxy */;
		};
		0CBA42021E2CAA9A0008C8E4 /* PBXTargetDependency */ = {
			isa = PBXTargetDependency;
			target = 0CBA41E01E2CAA9A0008C8E4 /* AssistCare */;
			targetProxy = 0CBA42011E2CAA9A0008C8E4 /* PBXContainerItemProxy */;
		};
/* End PBXTargetDependency section */

/* Begin PBXVariantGroup section */
		0CBA41ED1E2CAA9A0008C8E4 /* LaunchScreen.storyboard */ = {
			isa = PBXVariantGroup;
			children = (
				0CBA41EE1E2CAA9A0008C8E4 /* Base */,
			);
			name = LaunchScreen.storyboard;
			sourceTree = "<group>";
		};
/* End PBXVariantGroup section */

/* Begin XCBuildConfiguration section */
		0CBA42071E2CAA9A0008C8E4 /* Debug */ = {
			isa = XCBuildConfiguration;
			buildSettings = {
				ALWAYS_SEARCH_USER_PATHS = NO;
				CLANG_ANALYZER_NONNULL = YES;
				CLANG_CXX_LANGUAGE_STANDARD = "gnu++0x";
				CLANG_CXX_LIBRARY = "libc++";
				CLANG_ENABLE_MODULES = YES;
				CLANG_ENABLE_OBJC_ARC = YES;
				CLANG_WARN_BOOL_CONVERSION = YES;
				CLANG_WARN_CONSTANT_CONVERSION = YES;
				CLANG_WARN_DIRECT_OBJC_ISA_USAGE = YES_ERROR;
				CLANG_WARN_DOCUMENTATION_COMMENTS = YES;
				CLANG_WARN_EMPTY_BODY = YES;
				CLANG_WARN_ENUM_CONVERSION = YES;
				CLANG_WARN_INFINITE_RECURSION = YES;
				CLANG_WARN_INT_CONVERSION = YES;
				CLANG_WARN_OBJC_ROOT_CLASS = YES_ERROR;
				CLANG_WARN_SUSPICIOUS_MOVE = YES;
				CLANG_WARN_UNREACHABLE_CODE = YES;
				CLANG_WARN__DUPLICATE_METHOD_MATCH = YES;
				"CODE_SIGN_IDENTITY[sdk=iphoneos*]" = "iPhone Developer";
				COPY_PHASE_STRIP = NO;
				DEBUG_INFORMATION_FORMAT = dwarf;
				ENABLE_STRICT_OBJC_MSGSEND = YES;
				ENABLE_TESTABILITY = YES;
				GCC_C_LANGUAGE_STANDARD = gnu99;
				GCC_DYNAMIC_NO_PIC = NO;
				GCC_NO_COMMON_BLOCKS = YES;
				GCC_OPTIMIZATION_LEVEL = 0;
				GCC_PREPROCESSOR_DEFINITIONS = (
					"DEBUG=1",
					"$(inherited)",
				);
				GCC_WARN_64_TO_32_BIT_CONVERSION = YES;
				GCC_WARN_ABOUT_RETURN_TYPE = YES_ERROR;
				GCC_WARN_UNDECLARED_SELECTOR = YES;
				GCC_WARN_UNINITIALIZED_AUTOS = YES_AGGRESSIVE;
				GCC_WARN_UNUSED_FUNCTION = YES;
				GCC_WARN_UNUSED_VARIABLE = YES;
				IPHONEOS_DEPLOYMENT_TARGET = 10.2;
				MTL_ENABLE_DEBUG_INFO = YES;
				ONLY_ACTIVE_ARCH = YES;
				SDKROOT = iphoneos;
				SWIFT_ACTIVE_COMPILATION_CONDITIONS = DEBUG;
				SWIFT_OPTIMIZATION_LEVEL = "-Onone";
				TARGETED_DEVICE_FAMILY = "1,2";
			};
			name = Debug;
		};
		0CBA42081E2CAA9A0008C8E4 /* Release */ = {
			isa = XCBuildConfiguration;
			buildSettings = {
				ALWAYS_SEARCH_USER_PATHS = NO;
				CLANG_ANALYZER_NONNULL = YES;
				CLANG_CXX_LANGUAGE_STANDARD = "gnu++0x";
				CLANG_CXX_LIBRARY = "libc++";
				CLANG_ENABLE_MODULES = YES;
				CLANG_ENABLE_OBJC_ARC = YES;
				CLANG_WARN_BOOL_CONVERSION = YES;
				CLANG_WARN_CONSTANT_CONVERSION = YES;
				CLANG_WARN_DIRECT_OBJC_ISA_USAGE = YES_ERROR;
				CLANG_WARN_DOCUMENTATION_COMMENTS = YES;
				CLANG_WARN_EMPTY_BODY = YES;
				CLANG_WARN_ENUM_CONVERSION = YES;
				CLANG_WARN_INFINITE_RECURSION = YES;
				CLANG_WARN_INT_CONVERSION = YES;
				CLANG_WARN_OBJC_ROOT_CLASS = YES_ERROR;
				CLANG_WARN_SUSPICIOUS_MOVE = YES;
				CLANG_WARN_UNREACHABLE_CODE = YES;
				CLANG_WARN__DUPLICATE_METHOD_MATCH = YES;
				"CODE_SIGN_IDENTITY[sdk=iphoneos*]" = "iPhone Developer";
				COPY_PHASE_STRIP = NO;
				DEBUG_INFORMATION_FORMAT = "dwarf-with-dsym";
				ENABLE_NS_ASSERTIONS = NO;
				ENABLE_STRICT_OBJC_MSGSEND = YES;
				GCC_C_LANGUAGE_STANDARD = gnu99;
				GCC_NO_COMMON_BLOCKS = YES;
				GCC_WARN_64_TO_32_BIT_CONVERSION = YES;
				GCC_WARN_ABOUT_RETURN_TYPE = YES_ERROR;
				GCC_WARN_UNDECLARED_SELECTOR = YES;
				GCC_WARN_UNINITIALIZED_AUTOS = YES_AGGRESSIVE;
				GCC_WARN_UNUSED_FUNCTION = YES;
				GCC_WARN_UNUSED_VARIABLE = YES;
				IPHONEOS_DEPLOYMENT_TARGET = 10.2;
				MTL_ENABLE_DEBUG_INFO = NO;
				SDKROOT = iphoneos;
				SWIFT_OPTIMIZATION_LEVEL = "-Owholemodule";
				TARGETED_DEVICE_FAMILY = "1,2";
				VALIDATE_PRODUCT = YES;
			};
			name = Release;
		};
		0CBA420A1E2CAA9A0008C8E4 /* Debug */ = {
			isa = XCBuildConfiguration;
			buildSettings = {
				ASSETCATALOG_COMPILER_APPICON_NAME = AppIcon;
				CLANG_ENABLE_MODULES = YES;
				DEVELOPMENT_TEAM = "";
				FRAMEWORK_SEARCH_PATHS = (
					"$(inherited)",
					"$(PROJECT_DIR)",
					"$(PROJECT_DIR)/AssistCare",
				);
				INFOPLIST_FILE = AssistCare/Info.plist;
				LD_RUNPATH_SEARCH_PATHS = "$(inherited) @executable_path/Frameworks";
				"OTHER_LDFLAGS[arch=*]" = "-ObjC";
				PRODUCT_BUNDLE_IDENTIFIER = Lanetteam.AssistCare;
				PRODUCT_NAME = "$(TARGET_NAME)";
				"SWIFT_OBJC_BRIDGING_HEADER[arch=*]" = "AssistCare-Bridging-Header.h";
				SWIFT_OPTIMIZATION_LEVEL = "-Onone";
				SWIFT_VERSION = 3.0;
			};
			name = Debug;
		};
		0CBA420B1E2CAA9A0008C8E4 /* Release */ = {
			isa = XCBuildConfiguration;
			buildSettings = {
				ASSETCATALOG_COMPILER_APPICON_NAME = AppIcon;
				CLANG_ENABLE_MODULES = YES;
				DEVELOPMENT_TEAM = "";
				FRAMEWORK_SEARCH_PATHS = (
					"$(inherited)",
					"$(PROJECT_DIR)",
					"$(PROJECT_DIR)/AssistCare",
				);
				INFOPLIST_FILE = AssistCare/Info.plist;
				LD_RUNPATH_SEARCH_PATHS = "$(inherited) @executable_path/Frameworks";
				"OTHER_LDFLAGS[arch=*]" = "-ObjC";
				PRODUCT_BUNDLE_IDENTIFIER = Lanetteam.AssistCare;
				PRODUCT_NAME = "$(TARGET_NAME)";
				"SWIFT_OBJC_BRIDGING_HEADER[arch=*]" = "AssistCare-Bridging-Header.h";
				SWIFT_VERSION = 3.0;
			};
			name = Release;
		};
		0CBA420D1E2CAA9A0008C8E4 /* Debug */ = {
			isa = XCBuildConfiguration;
			buildSettings = {
				ALWAYS_EMBED_SWIFT_STANDARD_LIBRARIES = YES;
				BUNDLE_LOADER = "$(TEST_HOST)";
				INFOPLIST_FILE = AssistCareTests/Info.plist;
				LD_RUNPATH_SEARCH_PATHS = "$(inherited) @executable_path/Frameworks @loader_path/Frameworks";
				PRODUCT_BUNDLE_IDENTIFIER = Lanetteam.AssistCareTests;
				PRODUCT_NAME = "$(TARGET_NAME)";
				SWIFT_VERSION = 3.0;
				TEST_HOST = "$(BUILT_PRODUCTS_DIR)/AssistCare.app/AssistCare";
			};
			name = Debug;
		};
		0CBA420E1E2CAA9A0008C8E4 /* Release */ = {
			isa = XCBuildConfiguration;
			buildSettings = {
				ALWAYS_EMBED_SWIFT_STANDARD_LIBRARIES = YES;
				BUNDLE_LOADER = "$(TEST_HOST)";
				INFOPLIST_FILE = AssistCareTests/Info.plist;
				LD_RUNPATH_SEARCH_PATHS = "$(inherited) @executable_path/Frameworks @loader_path/Frameworks";
				PRODUCT_BUNDLE_IDENTIFIER = Lanetteam.AssistCareTests;
				PRODUCT_NAME = "$(TARGET_NAME)";
				SWIFT_VERSION = 3.0;
				TEST_HOST = "$(BUILT_PRODUCTS_DIR)/AssistCare.app/AssistCare";
			};
			name = Release;
		};
		0CBA42101E2CAA9A0008C8E4 /* Debug */ = {
			isa = XCBuildConfiguration;
			buildSettings = {
				ALWAYS_EMBED_SWIFT_STANDARD_LIBRARIES = YES;
				INFOPLIST_FILE = AssistCareUITests/Info.plist;
				LD_RUNPATH_SEARCH_PATHS = "$(inherited) @executable_path/Frameworks @loader_path/Frameworks";
				PRODUCT_BUNDLE_IDENTIFIER = Lanetteam.AssistCareUITests;
				PRODUCT_NAME = "$(TARGET_NAME)";
				SWIFT_VERSION = 3.0;
				TEST_TARGET_NAME = AssistCare;
			};
			name = Debug;
		};
		0CBA42111E2CAA9A0008C8E4 /* Release */ = {
			isa = XCBuildConfiguration;
			buildSettings = {
				ALWAYS_EMBED_SWIFT_STANDARD_LIBRARIES = YES;
				INFOPLIST_FILE = AssistCareUITests/Info.plist;
				LD_RUNPATH_SEARCH_PATHS = "$(inherited) @executable_path/Frameworks @loader_path/Frameworks";
				PRODUCT_BUNDLE_IDENTIFIER = Lanetteam.AssistCareUITests;
				PRODUCT_NAME = "$(TARGET_NAME)";
				SWIFT_VERSION = 3.0;
				TEST_TARGET_NAME = AssistCare;
			};
			name = Release;
		};
/* End XCBuildConfiguration section */

/* Begin XCConfigurationList section */
		0CBA41DC1E2CAA9A0008C8E4 /* Build configuration list for PBXProject "AssistCare" */ = {
			isa = XCConfigurationList;
			buildConfigurations = (
				0CBA42071E2CAA9A0008C8E4 /* Debug */,
				0CBA42081E2CAA9A0008C8E4 /* Release */,
			);
			defaultConfigurationIsVisible = 0;
			defaultConfigurationName = Release;
		};
		0CBA42091E2CAA9A0008C8E4 /* Build configuration list for PBXNativeTarget "AssistCare" */ = {
			isa = XCConfigurationList;
			buildConfigurations = (
				0CBA420A1E2CAA9A0008C8E4 /* Debug */,
				0CBA420B1E2CAA9A0008C8E4 /* Release */,
			);
			defaultConfigurationIsVisible = 0;
			defaultConfigurationName = Release;
		};
		0CBA420C1E2CAA9A0008C8E4 /* Build configuration list for PBXNativeTarget "AssistCareTests" */ = {
			isa = XCConfigurationList;
			buildConfigurations = (
				0CBA420D1E2CAA9A0008C8E4 /* Debug */,
				0CBA420E1E2CAA9A0008C8E4 /* Release */,
			);
			defaultConfigurationIsVisible = 0;
			defaultConfigurationName = Release;
		};
		0CBA420F1E2CAA9A0008C8E4 /* Build configuration list for PBXNativeTarget "AssistCareUITests" */ = {
			isa = XCConfigurationList;
			buildConfigurations = (
				0CBA42101E2CAA9A0008C8E4 /* Debug */,
				0CBA42111E2CAA9A0008C8E4 /* Release */,
			);
			defaultConfigurationIsVisible = 0;
			defaultConfigurationName = Release;
		};
/* End XCConfigurationList section */
	};
	rootObject = 0CBA41D91E2CAA9A0008C8E4 /* Project object */;
}
